// !$*UTF8*$!
{
	archiveVersion = 1;
	classes = {
	};
	objectVersion = 46;
	objects = {

/* Begin PBXBuildFile section */
		3E12E29B19FA56050067BEB2 /* main.m in Sources */ = {isa = PBXBuildFile; fileRef = 3E12E29A19FA56050067BEB2 /* main.m */; };
		3E12E29E19FA56050067BEB2 /* AppDelegate.m in Sources */ = {isa = PBXBuildFile; fileRef = 3E12E29D19FA56050067BEB2 /* AppDelegate.m */; };
		3E12E2A119FA56050067BEB2 /* ViewController.m in Sources */ = {isa = PBXBuildFile; fileRef = 3E12E2A019FA56050067BEB2 /* ViewController.m */; };
		3E12E2A619FA56050067BEB2 /* Images.xcassets in Resources */ = {isa = PBXBuildFile; fileRef = 3E12E2A519FA56050067BEB2 /* Images.xcassets */; };
		3E12E2A919FA56050067BEB2 /* LaunchScreen.xib in Resources */ = {isa = PBXBuildFile; fileRef = 3E12E2A719FA56050067BEB2 /* LaunchScreen.xib */; };
		3E12E2B519FA56050067BEB2 /* YoutuiSDKDemoTests.m in Sources */ = {isa = PBXBuildFile; fileRef = 3E12E2B419FA56050067BEB2 /* YoutuiSDKDemoTests.m */; };
		3E12E2C119FA57430067BEB2 /* Main.storyboard in Resources */ = {isa = PBXBuildFile; fileRef = 3E12E2BF19FA57430067BEB2 /* Main.storyboard */; };
		3E12E32019FA57FD0067BEB2 /* libz.dylib in Frameworks */ = {isa = PBXBuildFile; fileRef = 3E12E31F19FA57FD0067BEB2 /* libz.dylib */; };
		3E12E32219FA58120067BEB2 /* libsqlite3.dylib in Frameworks */ = {isa = PBXBuildFile; fileRef = 3E12E32119FA58120067BEB2 /* libsqlite3.dylib */; };
		3E12E32419FA581D0067BEB2 /* libstdc++.dylib in Frameworks */ = {isa = PBXBuildFile; fileRef = 3E12E32319FA581D0067BEB2 /* libstdc++.dylib */; };
		3E12E32619FA58260067BEB2 /* Social.framework in Frameworks */ = {isa = PBXBuildFile; fileRef = 3E12E32519FA58260067BEB2 /* Social.framework */; };
		3E12E32819FA582F0067BEB2 /* Accounts.framework in Frameworks */ = {isa = PBXBuildFile; fileRef = 3E12E32719FA582F0067BEB2 /* Accounts.framework */; };
		3E12E32A19FA58420067BEB2 /* CoreTelephony.framework in Frameworks */ = {isa = PBXBuildFile; fileRef = 3E12E32919FA58420067BEB2 /* CoreTelephony.framework */; };
		3E12E32C19FA584B0067BEB2 /* SystemConfiguration.framework in Frameworks */ = {isa = PBXBuildFile; fileRef = 3E12E32B19FA584B0067BEB2 /* SystemConfiguration.framework */; };
		3E8B014A19FCBE0A00461D65 /* ViewController.xib in Resources */ = {isa = PBXBuildFile; fileRef = 3E8B014919FCBE0A00461D65 /* ViewController.xib */; };
		3E8B015219FCC8F500461D65 /* Default-568h@2x.png in Resources */ = {isa = PBXBuildFile; fileRef = 3E8B014F19FCC8F500461D65 /* Default-568h@2x.png */; };
		3E8B015319FCC8F500461D65 /* Default.png in Resources */ = {isa = PBXBuildFile; fileRef = 3E8B015019FCC8F500461D65 /* Default.png */; };
		3E8B015419FCC8F500461D65 /* Default@2x.png in Resources */ = {isa = PBXBuildFile; fileRef = 3E8B015119FCC8F500461D65 /* Default@2x.png */; };
		3EE7899F1A0725980090398B /* LXActivity.m in Sources */ = {isa = PBXBuildFile; fileRef = 3EE789641A0725980090398B /* LXActivity.m */; };
		3EE789A01A0725980090398B /* MiddleActivity.m in Sources */ = {isa = PBXBuildFile; fileRef = 3EE789661A0725980090398B /* MiddleActivity.m */; };
		3EE789A11A0725980090398B /* TencentOpenAPI.framework in Frameworks */ = {isa = PBXBuildFile; fileRef = 3EE789681A0725980090398B /* TencentOpenAPI.framework */; };
		3EE789A21A0725980090398B /* TencentOpenApi_IOS_Bundle.bundle in Resources */ = {isa = PBXBuildFile; fileRef = 3EE789691A0725980090398B /* TencentOpenApi_IOS_Bundle.bundle */; };
		3EE789A31A0725980090398B /* NSObject+SBJSON.m in Sources */ = {isa = PBXBuildFile; fileRef = 3EE7896D1A0725980090398B /* NSObject+SBJSON.m */; };
		3EE789A41A0725980090398B /* NSString+SBJSON.m in Sources */ = {isa = PBXBuildFile; fileRef = 3EE7896F1A0725980090398B /* NSString+SBJSON.m */; };
		3EE789A51A0725980090398B /* SBJsonBase.m in Sources */ = {isa = PBXBuildFile; fileRef = 3EE789711A0725980090398B /* SBJsonBase.m */; };
		3EE789A61A0725980090398B /* SBJsonParser.m in Sources */ = {isa = PBXBuildFile; fileRef = 3EE789731A0725980090398B /* SBJsonParser.m */; };
		3EE789A71A0725980090398B /* SBJsonWriter.m in Sources */ = {isa = PBXBuildFile; fileRef = 3EE789751A0725980090398B /* SBJsonWriter.m */; };
		3EE789A81A0725980090398B /* SecureUDID.m in Sources */ = {isa = PBXBuildFile; fileRef = 3EE789771A0725980090398B /* SecureUDID.m */; };
		3EE789A91A0725980090398B /* libShareComponent.a in Frameworks */ = {isa = PBXBuildFile; fileRef = 3EE789791A0725980090398B /* libShareComponent.a */; };
		3EE789AA1A0725980090398B /* RennSDK.bundle in Resources */ = {isa = PBXBuildFile; fileRef = 3EE7897A1A0725980090398B /* RennSDK.bundle */; };
		3EE789AB1A0725980090398B /* RennSDK.framework in Frameworks */ = {isa = PBXBuildFile; fileRef = 3EE7897B1A0725980090398B /* RennSDK.framework */; };
		3EE789AC1A0725980090398B /* libWeChatSDK.a in Frameworks */ = {isa = PBXBuildFile; fileRef = 3EE7897E1A0725980090398B /* libWeChatSDK.a */; };
		3EE789AD1A0725980090398B /* libWeiboSDK.a in Frameworks */ = {isa = PBXBuildFile; fileRef = 3EE789821A0725980090398B /* libWeiboSDK.a */; };
		3EE789AE1A0725980090398B /* WeiboSDK.bundle in Resources */ = {isa = PBXBuildFile; fileRef = 3EE789831A0725980090398B /* WeiboSDK.bundle */; };
		3EE789AF1A0725980090398B /* libTCWeiboSDK.a in Frameworks */ = {isa = PBXBuildFile; fileRef = 3EE789861A0725980090398B /* libTCWeiboSDK.a */; };
		3EE789B01A0725980090398B /* 2222.png in Resources */ = {isa = PBXBuildFile; fileRef = 3EE7898B1A0725980090398B /* 2222.png */; };
		3EE789B11A0725980090398B /* cancel.png in Resources */ = {isa = PBXBuildFile; fileRef = 3EE7898C1A0725980090398B /* cancel.png */; };
		3EE789B21A0725980090398B /* cancel2.png in Resources */ = {isa = PBXBuildFile; fileRef = 3EE7898D1A0725980090398B /* cancel2.png */; };
		3EE789B31A0725980090398B /* cancel4.png in Resources */ = {isa = PBXBuildFile; fileRef = 3EE7898E1A0725980090398B /* cancel4.png */; };
		3EE789B41A0725980090398B /* email@2x.png in Resources */ = {isa = PBXBuildFile; fileRef = 3EE7898F1A0725980090398B /* email@2x.png */; };
		3EE789B51A0725980090398B /* logo.png in Resources */ = {isa = PBXBuildFile; fileRef = 3EE789901A0725980090398B /* logo.png */; };
		3EE789B61A0725980090398B /* musicImage.png in Resources */ = {isa = PBXBuildFile; fileRef = 3EE789911A0725980090398B /* musicImage.png */; };
		3EE789B71A0725980090398B /* qq.png in Resources */ = {isa = PBXBuildFile; fileRef = 3EE789921A0725980090398B /* qq.png */; };
		3EE789B81A0725980090398B /* qqzone.png in Resources */ = {isa = PBXBuildFile; fileRef = 3EE789931A0725980090398B /* qqzone.png */; };
		3EE789B91A0725980090398B /* refresh.png in Resources */ = {isa = PBXBuildFile; fileRef = 3EE789941A0725980090398B /* refresh.png */; };
		3EE789BA1A0725980090398B /* renren.png in Resources */ = {isa = PBXBuildFile; fileRef = 3EE789951A0725980090398B /* renren.png */; };
		3EE789BB1A0725980090398B /* sina.png in Resources */ = {isa = PBXBuildFile; fileRef = 3EE789961A0725980090398B /* sina.png */; };
		3EE789BC1A0725980090398B /* sms.png in Resources */ = {isa = PBXBuildFile; fileRef = 3EE789971A0725980090398B /* sms.png */; };
		3EE789BD1A0725980090398B /* tcwb.png in Resources */ = {isa = PBXBuildFile; fileRef = 3EE789981A0725980090398B /* tcwb.png */; };
		3EE789BE1A0725980090398B /* tick1.png in Resources */ = {isa = PBXBuildFile; fileRef = 3EE789991A0725980090398B /* tick1.png */; };
		3EE789BF1A0725980090398B /* tick2.png in Resources */ = {isa = PBXBuildFile; fileRef = 3EE7899A1A0725980090398B /* tick2.png */; };
		3EE789C01A0725980090398B /* wechat.png in Resources */ = {isa = PBXBuildFile; fileRef = 3EE7899B1A0725980090398B /* wechat.png */; };
		3EE789C11A0725980090398B /* wechatf.png in Resources */ = {isa = PBXBuildFile; fileRef = 3EE7899C1A0725980090398B /* wechatf.png */; };
		3EE789C21A0725980090398B /* YouTuiSDK.a in Frameworks */ = {isa = PBXBuildFile; fileRef = 3EE7899D1A0725980090398B /* YouTuiSDK.a */; };
/* End PBXBuildFile section */

/* Begin PBXContainerItemProxy section */
		3E12E2AF19FA56050067BEB2 /* PBXContainerItemProxy */ = {
			isa = PBXContainerItemProxy;
			containerPortal = 3E12E28D19FA56050067BEB2 /* Project object */;
			proxyType = 1;
			remoteGlobalIDString = 3E12E29419FA56050067BEB2;
			remoteInfo = YoutuiSDKDemo;
		};
/* End PBXContainerItemProxy section */

/* Begin PBXFileReference section */
		3E12E29519FA56050067BEB2 /* YoutuiSDKDemo.app */ = {isa = PBXFileReference; explicitFileType = wrapper.application; includeInIndex = 0; path = YoutuiSDKDemo.app; sourceTree = BUILT_PRODUCTS_DIR; };
		3E12E29919FA56050067BEB2 /* Info.plist */ = {isa = PBXFileReference; lastKnownFileType = text.plist.xml; path = Info.plist; sourceTree = "<group>"; };
		3E12E29A19FA56050067BEB2 /* main.m */ = {isa = PBXFileReference; lastKnownFileType = sourcecode.c.objc; path = main.m; sourceTree = "<group>"; };
		3E12E29C19FA56050067BEB2 /* AppDelegate.h */ = {isa = PBXFileReference; lastKnownFileType = sourcecode.c.h; path = AppDelegate.h; sourceTree = "<group>"; };
		3E12E29D19FA56050067BEB2 /* AppDelegate.m */ = {isa = PBXFileReference; lastKnownFileType = sourcecode.c.objc; path = AppDelegate.m; sourceTree = "<group>"; };
		3E12E29F19FA56050067BEB2 /* ViewController.h */ = {isa = PBXFileReference; lastKnownFileType = sourcecode.c.h; path = ViewController.h; sourceTree = "<group>"; };
		3E12E2A019FA56050067BEB2 /* ViewController.m */ = {isa = PBXFileReference; lastKnownFileType = sourcecode.c.objc; path = ViewController.m; sourceTree = "<group>"; };
		3E12E2A519FA56050067BEB2 /* Images.xcassets */ = {isa = PBXFileReference; lastKnownFileType = folder.assetcatalog; path = Images.xcassets; sourceTree = "<group>"; };
		3E12E2A819FA56050067BEB2 /* Base */ = {isa = PBXFileReference; lastKnownFileType = file.xib; name = Base; path = Base.lproj/LaunchScreen.xib; sourceTree = "<group>"; };
		3E12E2AE19FA56050067BEB2 /* YoutuiSDKDemoTests.xctest */ = {isa = PBXFileReference; explicitFileType = wrapper.cfbundle; includeInIndex = 0; path = YoutuiSDKDemoTests.xctest; sourceTree = BUILT_PRODUCTS_DIR; };
		3E12E2B319FA56050067BEB2 /* Info.plist */ = {isa = PBXFileReference; lastKnownFileType = text.plist.xml; path = Info.plist; sourceTree = "<group>"; };
		3E12E2B419FA56050067BEB2 /* YoutuiSDKDemoTests.m */ = {isa = PBXFileReference; lastKnownFileType = sourcecode.c.objc; path = YoutuiSDKDemoTests.m; sourceTree = "<group>"; };
		3E12E2BE19FA56950067BEB2 /* Header.h */ = {isa = PBXFileReference; fileEncoding = 4; lastKnownFileType = sourcecode.c.h; path = Header.h; sourceTree = "<group>"; };
		3E12E2C019FA57430067BEB2 /* Base */ = {isa = PBXFileReference; lastKnownFileType = file.storyboard; name = Base; path = Base.lproj/Main.storyboard; sourceTree = "<group>"; };
		3E12E31F19FA57FD0067BEB2 /* libz.dylib */ = {isa = PBXFileReference; lastKnownFileType = "compiled.mach-o.dylib"; name = libz.dylib; path = usr/lib/libz.dylib; sourceTree = SDKROOT; };
		3E12E32119FA58120067BEB2 /* libsqlite3.dylib */ = {isa = PBXFileReference; lastKnownFileType = "compiled.mach-o.dylib"; name = libsqlite3.dylib; path = usr/lib/libsqlite3.dylib; sourceTree = SDKROOT; };
		3E12E32319FA581D0067BEB2 /* libstdc++.dylib */ = {isa = PBXFileReference; lastKnownFileType = "compiled.mach-o.dylib"; name = "libstdc++.dylib"; path = "usr/lib/libstdc++.dylib"; sourceTree = SDKROOT; };
		3E12E32519FA58260067BEB2 /* Social.framework */ = {isa = PBXFileReference; lastKnownFileType = wrapper.framework; name = Social.framework; path = System/Library/Frameworks/Social.framework; sourceTree = SDKROOT; };
		3E12E32719FA582F0067BEB2 /* Accounts.framework */ = {isa = PBXFileReference; lastKnownFileType = wrapper.framework; name = Accounts.framework; path = System/Library/Frameworks/Accounts.framework; sourceTree = SDKROOT; };
		3E12E32919FA58420067BEB2 /* CoreTelephony.framework */ = {isa = PBXFileReference; lastKnownFileType = wrapper.framework; name = CoreTelephony.framework; path = System/Library/Frameworks/CoreTelephony.framework; sourceTree = SDKROOT; };
		3E12E32B19FA584B0067BEB2 /* SystemConfiguration.framework */ = {isa = PBXFileReference; lastKnownFileType = wrapper.framework; name = SystemConfiguration.framework; path = System/Library/Frameworks/SystemConfiguration.framework; sourceTree = SDKROOT; };
		3E8B014919FCBE0A00461D65 /* ViewController.xib */ = {isa = PBXFileReference; fileEncoding = 4; lastKnownFileType = file.xib; path = ViewController.xib; sourceTree = "<group>"; };
		3E8B014F19FCC8F500461D65 /* Default-568h@2x.png */ = {isa = PBXFileReference; lastKnownFileType = image.png; path = "Default-568h@2x.png"; sourceTree = "<group>"; };
		3E8B015019FCC8F500461D65 /* Default.png */ = {isa = PBXFileReference; lastKnownFileType = image.png; path = Default.png; sourceTree = "<group>"; };
		3E8B015119FCC8F500461D65 /* Default@2x.png */ = {isa = PBXFileReference; lastKnownFileType = image.png; path = "Default@2x.png"; sourceTree = "<group>"; };
		3EE789631A0725980090398B /* LXActivity.h */ = {isa = PBXFileReference; fileEncoding = 4; lastKnownFileType = sourcecode.c.h; path = LXActivity.h; sourceTree = "<group>"; };
		3EE789641A0725980090398B /* LXActivity.m */ = {isa = PBXFileReference; fileEncoding = 4; lastKnownFileType = sourcecode.c.objc; path = LXActivity.m; sourceTree = "<group>"; };
		3EE789651A0725980090398B /* MiddleActivity.h */ = {isa = PBXFileReference; fileEncoding = 4; lastKnownFileType = sourcecode.c.h; path = MiddleActivity.h; sourceTree = "<group>"; };
		3EE789661A0725980090398B /* MiddleActivity.m */ = {isa = PBXFileReference; fileEncoding = 4; lastKnownFileType = sourcecode.c.objc; path = MiddleActivity.m; sourceTree = "<group>"; };
		3EE789681A0725980090398B /* TencentOpenAPI.framework */ = {isa = PBXFileReference; lastKnownFileType = wrapper.framework; path = TencentOpenAPI.framework; sourceTree = "<group>"; };
		3EE789691A0725980090398B /* TencentOpenApi_IOS_Bundle.bundle */ = {isa = PBXFileReference; lastKnownFileType = "wrapper.plug-in"; path = TencentOpenApi_IOS_Bundle.bundle; sourceTree = "<group>"; };
		3EE7896B1A0725980090398B /* JSON.h */ = {isa = PBXFileReference; fileEncoding = 4; lastKnownFileType = sourcecode.c.h; path = JSON.h; sourceTree = "<group>"; };
		3EE7896C1A0725980090398B /* NSObject+SBJSON.h */ = {isa = PBXFileReference; fileEncoding = 4; lastKnownFileType = sourcecode.c.h; path = "NSObject+SBJSON.h"; sourceTree = "<group>"; };
		3EE7896D1A0725980090398B /* NSObject+SBJSON.m */ = {isa = PBXFileReference; fileEncoding = 4; lastKnownFileType = sourcecode.c.objc; path = "NSObject+SBJSON.m"; sourceTree = "<group>"; };
		3EE7896E1A0725980090398B /* NSString+SBJSON.h */ = {isa = PBXFileReference; fileEncoding = 4; lastKnownFileType = sourcecode.c.h; path = "NSString+SBJSON.h"; sourceTree = "<group>"; };
		3EE7896F1A0725980090398B /* NSString+SBJSON.m */ = {isa = PBXFileReference; fileEncoding = 4; lastKnownFileType = sourcecode.c.objc; path = "NSString+SBJSON.m"; sourceTree = "<group>"; };
		3EE789701A0725980090398B /* SBJsonBase.h */ = {isa = PBXFileReference; fileEncoding = 4; lastKnownFileType = sourcecode.c.h; path = SBJsonBase.h; sourceTree = "<group>"; };
		3EE789711A0725980090398B /* SBJsonBase.m */ = {isa = PBXFileReference; fileEncoding = 4; lastKnownFileType = sourcecode.c.objc; path = SBJsonBase.m; sourceTree = "<group>"; };
		3EE789721A0725980090398B /* SBJsonParser.h */ = {isa = PBXFileReference; fileEncoding = 4; lastKnownFileType = sourcecode.c.h; path = SBJsonParser.h; sourceTree = "<group>"; };
		3EE789731A0725980090398B /* SBJsonParser.m */ = {isa = PBXFileReference; fileEncoding = 4; lastKnownFileType = sourcecode.c.objc; path = SBJsonParser.m; sourceTree = "<group>"; };
		3EE789741A0725980090398B /* SBJsonWriter.h */ = {isa = PBXFileReference; fileEncoding = 4; lastKnownFileType = sourcecode.c.h; path = SBJsonWriter.h; sourceTree = "<group>"; };
		3EE789751A0725980090398B /* SBJsonWriter.m */ = {isa = PBXFileReference; fileEncoding = 4; lastKnownFileType = sourcecode.c.objc; path = SBJsonWriter.m; sourceTree = "<group>"; };
		3EE789761A0725980090398B /* SecureUDID.h */ = {isa = PBXFileReference; fileEncoding = 4; lastKnownFileType = sourcecode.c.h; path = SecureUDID.h; sourceTree = "<group>"; };
		3EE789771A0725980090398B /* SecureUDID.m */ = {isa = PBXFileReference; fileEncoding = 4; lastKnownFileType = sourcecode.c.objc; path = SecureUDID.m; sourceTree = "<group>"; };
		3EE789791A0725980090398B /* libShareComponent.a */ = {isa = PBXFileReference; lastKnownFileType = archive.ar; path = libShareComponent.a; sourceTree = "<group>"; };
		3EE7897A1A0725980090398B /* RennSDK.bundle */ = {isa = PBXFileReference; lastKnownFileType = "wrapper.plug-in"; path = RennSDK.bundle; sourceTree = "<group>"; };
		3EE7897B1A0725980090398B /* RennSDK.framework */ = {isa = PBXFileReference; lastKnownFileType = wrapper.framework; path = RennSDK.framework; sourceTree = "<group>"; };
		3EE7897C1A0725980090398B /* RennShareComponent.h */ = {isa = PBXFileReference; fileEncoding = 4; lastKnownFileType = sourcecode.c.h; path = RennShareComponent.h; sourceTree = "<group>"; };
		3EE7897E1A0725980090398B /* libWeChatSDK.a */ = {isa = PBXFileReference; lastKnownFileType = archive.ar; path = libWeChatSDK.a; sourceTree = "<group>"; };
		3EE7897F1A0725980090398B /* WXApi.h */ = {isa = PBXFileReference; fileEncoding = 4; lastKnownFileType = sourcecode.c.h; path = WXApi.h; sourceTree = "<group>"; };
		3EE789801A0725980090398B /* WXApiObject.h */ = {isa = PBXFileReference; fileEncoding = 4; lastKnownFileType = sourcecode.c.h; path = WXApiObject.h; sourceTree = "<group>"; };
		3EE789821A0725980090398B /* libWeiboSDK.a */ = {isa = PBXFileReference; lastKnownFileType = archive.ar; path = libWeiboSDK.a; sourceTree = "<group>"; };
		3EE789831A0725980090398B /* WeiboSDK.bundle */ = {isa = PBXFileReference; lastKnownFileType = "wrapper.plug-in"; path = WeiboSDK.bundle; sourceTree = "<group>"; };
		3EE789841A0725980090398B /* WeiboSDK.h */ = {isa = PBXFileReference; fileEncoding = 4; lastKnownFileType = sourcecode.c.h; path = WeiboSDK.h; sourceTree = "<group>"; };
		3EE789861A0725980090398B /* libTCWeiboSDK.a */ = {isa = PBXFileReference; lastKnownFileType = archive.ar; path = libTCWeiboSDK.a; sourceTree = "<group>"; };
		3EE789871A0725980090398B /* WeiboApi.h */ = {isa = PBXFileReference; fileEncoding = 4; lastKnownFileType = sourcecode.c.h; path = WeiboApi.h; sourceTree = "<group>"; };
		3EE789881A0725980090398B /* WeiboApiObject.h */ = {isa = PBXFileReference; fileEncoding = 4; lastKnownFileType = sourcecode.c.h; path = WeiboApiObject.h; sourceTree = "<group>"; };
		3EE7898B1A0725980090398B /* 2222.png */ = {isa = PBXFileReference; lastKnownFileType = image.png; path = 2222.png; sourceTree = "<group>"; };
		3EE7898C1A0725980090398B /* cancel.png */ = {isa = PBXFileReference; lastKnownFileType = image.png; path = cancel.png; sourceTree = "<group>"; };
		3EE7898D1A0725980090398B /* cancel2.png */ = {isa = PBXFileReference; lastKnownFileType = image.png; path = cancel2.png; sourceTree = "<group>"; };
		3EE7898E1A0725980090398B /* cancel4.png */ = {isa = PBXFileReference; lastKnownFileType = image.png; path = cancel4.png; sourceTree = "<group>"; };
		3EE7898F1A0725980090398B /* email@2x.png */ = {isa = PBXFileReference; lastKnownFileType = image.png; path = "email@2x.png"; sourceTree = "<group>"; };
		3EE789901A0725980090398B /* logo.png */ = {isa = PBXFileReference; lastKnownFileType = image.png; path = logo.png; sourceTree = "<group>"; };
		3EE789911A0725980090398B /* musicImage.png */ = {isa = PBXFileReference; lastKnownFileType = image.png; path = musicImage.png; sourceTree = "<group>"; };
		3EE789921A0725980090398B /* qq.png */ = {isa = PBXFileReference; lastKnownFileType = image.png; path = qq.png; sourceTree = "<group>"; };
		3EE789931A0725980090398B /* qqzone.png */ = {isa = PBXFileReference; lastKnownFileType = image.png; path = qqzone.png; sourceTree = "<group>"; };
		3EE789941A0725980090398B /* refresh.png */ = {isa = PBXFileReference; lastKnownFileType = image.png; path = refresh.png; sourceTree = "<group>"; };
		3EE789951A0725980090398B /* renren.png */ = {isa = PBXFileReference; lastKnownFileType = image.png; path = renren.png; sourceTree = "<group>"; };
		3EE789961A0725980090398B /* sina.png */ = {isa = PBXFileReference; lastKnownFileType = image.png; path = sina.png; sourceTree = "<group>"; };
		3EE789971A0725980090398B /* sms.png */ = {isa = PBXFileReference; lastKnownFileType = image.png; path = sms.png; sourceTree = "<group>"; };
		3EE789981A0725980090398B /* tcwb.png */ = {isa = PBXFileReference; lastKnownFileType = image.png; path = tcwb.png; sourceTree = "<group>"; };
		3EE789991A0725980090398B /* tick1.png */ = {isa = PBXFileReference; lastKnownFileType = image.png; path = tick1.png; sourceTree = "<group>"; };
		3EE7899A1A0725980090398B /* tick2.png */ = {isa = PBXFileReference; lastKnownFileType = image.png; path = tick2.png; sourceTree = "<group>"; };
		3EE7899B1A0725980090398B /* wechat.png */ = {isa = PBXFileReference; lastKnownFileType = image.png; path = wechat.png; sourceTree = "<group>"; };
		3EE7899C1A0725980090398B /* wechatf.png */ = {isa = PBXFileReference; lastKnownFileType = image.png; path = wechatf.png; sourceTree = "<group>"; };
		3EE7899D1A0725980090398B /* YouTuiSDK.a */ = {isa = PBXFileReference; lastKnownFileType = archive.ar; path = YouTuiSDK.a; sourceTree = "<group>"; };
		3EE7899E1A0725980090398B /* YouTuiSDK.h */ = {isa = PBXFileReference; fileEncoding = 4; lastKnownFileType = sourcecode.c.h; path = YouTuiSDK.h; sourceTree = "<group>"; };
/* End PBXFileReference section */

/* Begin PBXFrameworksBuildPhase section */
		3E12E29219FA56050067BEB2 /* Frameworks */ = {
			isa = PBXFrameworksBuildPhase;
			buildActionMask = 2147483647;
			files = (
				3E12E32C19FA584B0067BEB2 /* SystemConfiguration.framework in Frameworks */,
				3EE789A11A0725980090398B /* TencentOpenAPI.framework in Frameworks */,
				3E12E32A19FA58420067BEB2 /* CoreTelephony.framework in Frameworks */,
				3E12E32819FA582F0067BEB2 /* Accounts.framework in Frameworks */,
				3E12E32619FA58260067BEB2 /* Social.framework in Frameworks */,
				3EE789AC1A0725980090398B /* libWeChatSDK.a in Frameworks */,
				3E12E32419FA581D0067BEB2 /* libstdc++.dylib in Frameworks */,
				3EE789AD1A0725980090398B /* libWeiboSDK.a in Frameworks */,
				3EE789A91A0725980090398B /* libShareComponent.a in Frameworks */,
				3EE789C21A0725980090398B /* YouTuiSDK.a in Frameworks */,
				3E12E32219FA58120067BEB2 /* libsqlite3.dylib in Frameworks */,
				3EE789AF1A0725980090398B /* libTCWeiboSDK.a in Frameworks */,
				3EE789AB1A0725980090398B /* RennSDK.framework in Frameworks */,
				3E12E32019FA57FD0067BEB2 /* libz.dylib in Frameworks */,
			);
			runOnlyForDeploymentPostprocessing = 0;
		};
		3E12E2AB19FA56050067BEB2 /* Frameworks */ = {
			isa = PBXFrameworksBuildPhase;
			buildActionMask = 2147483647;
			files = (
			);
			runOnlyForDeploymentPostprocessing = 0;
		};
/* End PBXFrameworksBuildPhase section */

/* Begin PBXGroup section */
		3E12E28C19FA56050067BEB2 = {
			isa = PBXGroup;
			children = (
				3EE789601A0725980090398B /* YouTuiSDK_v1.0 */,
				3E8B015519FCD37500461D65 /* framework */,
				3E12E29719FA56050067BEB2 /* YoutuiSDKDemo */,
				3E12E2B119FA56050067BEB2 /* YoutuiSDKDemoTests */,
				3E12E29619FA56050067BEB2 /* Products */,
			);
			sourceTree = "<group>";
		};
		3E12E29619FA56050067BEB2 /* Products */ = {
			isa = PBXGroup;
			children = (
				3E12E29519FA56050067BEB2 /* YoutuiSDKDemo.app */,
				3E12E2AE19FA56050067BEB2 /* YoutuiSDKDemoTests.xctest */,
			);
			name = Products;
			sourceTree = "<group>";
		};
		3E12E29719FA56050067BEB2 /* YoutuiSDKDemo */ = {
			isa = PBXGroup;
			children = (
				3E12E29C19FA56050067BEB2 /* AppDelegate.h */,
				3E12E29D19FA56050067BEB2 /* AppDelegate.m */,
				3E12E29F19FA56050067BEB2 /* ViewController.h */,
				3E12E2A019FA56050067BEB2 /* ViewController.m */,
				3E8B014919FCBE0A00461D65 /* ViewController.xib */,
				3E12E2BE19FA56950067BEB2 /* Header.h */,
				3E12E2BF19FA57430067BEB2 /* Main.storyboard */,
				3E12E2A519FA56050067BEB2 /* Images.xcassets */,
				3E12E2A719FA56050067BEB2 /* LaunchScreen.xib */,
				3E12E29819FA56050067BEB2 /* Supporting Files */,
			);
			path = YoutuiSDKDemo;
			sourceTree = "<group>";
		};
		3E12E29819FA56050067BEB2 /* Supporting Files */ = {
			isa = PBXGroup;
			children = (
				3E8B014F19FCC8F500461D65 /* Default-568h@2x.png */,
				3E8B015019FCC8F500461D65 /* Default.png */,
				3E8B015119FCC8F500461D65 /* Default@2x.png */,
				3E12E29919FA56050067BEB2 /* Info.plist */,
				3E12E29A19FA56050067BEB2 /* main.m */,
			);
			name = "Supporting Files";
			sourceTree = "<group>";
		};
		3E12E2B119FA56050067BEB2 /* YoutuiSDKDemoTests */ = {
			isa = PBXGroup;
			children = (
				3E12E2B419FA56050067BEB2 /* YoutuiSDKDemoTests.m */,
				3E12E2B219FA56050067BEB2 /* Supporting Files */,
			);
			path = YoutuiSDKDemoTests;
			sourceTree = "<group>";
		};
		3E12E2B219FA56050067BEB2 /* Supporting Files */ = {
			isa = PBXGroup;
			children = (
				3E12E2B319FA56050067BEB2 /* Info.plist */,
			);
			name = "Supporting Files";
			sourceTree = "<group>";
		};
		3E8B015519FCD37500461D65 /* framework */ = {
			isa = PBXGroup;
			children = (
				3E12E32B19FA584B0067BEB2 /* SystemConfiguration.framework */,
				3E12E32919FA58420067BEB2 /* CoreTelephony.framework */,
				3E12E32719FA582F0067BEB2 /* Accounts.framework */,
				3E12E32519FA58260067BEB2 /* Social.framework */,
				3E12E32319FA581D0067BEB2 /* libstdc++.dylib */,
				3E12E32119FA58120067BEB2 /* libsqlite3.dylib */,
				3E12E31F19FA57FD0067BEB2 /* libz.dylib */,
			);
			name = framework;
			sourceTree = "<group>";
		};
		3EE789601A0725980090398B /* YouTuiSDK_v1.0 */ = {
			isa = PBXGroup;
			children = (
				3EE789611A0725980090398B /* lib */,
				3EE789891A0725980090398B /* YouTuiSDK_v1.0.0 */,
			);
			name = YouTuiSDK_v1.0;
			path = ../YouTuiSDK_v1.0;
			sourceTree = "<group>";
		};
		3EE789611A0725980090398B /* lib */ = {
			isa = PBXGroup;
			children = (
				3EE789621A0725980090398B /* LXActivity */,
				3EE789671A0725980090398B /* QQ */,
				3EE7896A1A0725980090398B /* SBJson */,
				3EE789761A0725980090398B /* SecureUDID.h */,
				3EE789771A0725980090398B /* SecureUDID.m */,
				3EE789781A0725980090398B /* 人人 */,
				3EE7897D1A0725980090398B /* 微信 */,
				3EE789811A0725980090398B /* 新浪微博 */,
				3EE789851A0725980090398B /* 腾讯微博 */,
			);
			path = lib;
			sourceTree = "<group>";
		};
		3EE789621A0725980090398B /* LXActivity */ = {
			isa = PBXGroup;
			children = (
				3EE789631A0725980090398B /* LXActivity.h */,
				3EE789641A0725980090398B /* LXActivity.m */,
				3EE789651A0725980090398B /* MiddleActivity.h */,
				3EE789661A0725980090398B /* MiddleActivity.m */,
			);
			path = LXActivity;
			sourceTree = "<group>";
		};
		3EE789671A0725980090398B /* QQ */ = {
			isa = PBXGroup;
			children = (
				3EE789681A0725980090398B /* TencentOpenAPI.framework */,
				3EE789691A0725980090398B /* TencentOpenApi_IOS_Bundle.bundle */,
			);
			path = QQ;
			sourceTree = "<group>";
		};
		3EE7896A1A0725980090398B /* SBJson */ = {
			isa = PBXGroup;
			children = (
				3EE7896B1A0725980090398B /* JSON.h */,
				3EE7896C1A0725980090398B /* NSObject+SBJSON.h */,
				3EE7896D1A0725980090398B /* NSObject+SBJSON.m */,
				3EE7896E1A0725980090398B /* NSString+SBJSON.h */,
				3EE7896F1A0725980090398B /* NSString+SBJSON.m */,
				3EE789701A0725980090398B /* SBJsonBase.h */,
				3EE789711A0725980090398B /* SBJsonBase.m */,
				3EE789721A0725980090398B /* SBJsonParser.h */,
				3EE789731A0725980090398B /* SBJsonParser.m */,
				3EE789741A0725980090398B /* SBJsonWriter.h */,
				3EE789751A0725980090398B /* SBJsonWriter.m */,
			);
			path = SBJson;
			sourceTree = "<group>";
		};
		3EE789781A0725980090398B /* 人人 */ = {
			isa = PBXGroup;
			children = (
				3EE789791A0725980090398B /* libShareComponent.a */,
				3EE7897A1A0725980090398B /* RennSDK.bundle */,
				3EE7897B1A0725980090398B /* RennSDK.framework */,
				3EE7897C1A0725980090398B /* RennShareComponent.h */,
			);
			path = "人人";
			sourceTree = "<group>";
		};
		3EE7897D1A0725980090398B /* 微信 */ = {
			isa = PBXGroup;
			children = (
				3EE7897E1A0725980090398B /* libWeChatSDK.a */,
				3EE7897F1A0725980090398B /* WXApi.h */,
				3EE789801A0725980090398B /* WXApiObject.h */,
			);
			path = "微信";
			sourceTree = "<group>";
		};
		3EE789811A0725980090398B /* 新浪微博 */ = {
			isa = PBXGroup;
			children = (
				3EE789821A0725980090398B /* libWeiboSDK.a */,
				3EE789831A0725980090398B /* WeiboSDK.bundle */,
				3EE789841A0725980090398B /* WeiboSDK.h */,
			);
			path = "新浪微博";
			sourceTree = "<group>";
		};
		3EE789851A0725980090398B /* 腾讯微博 */ = {
			isa = PBXGroup;
			children = (
				3EE789861A0725980090398B /* libTCWeiboSDK.a */,
				3EE789871A0725980090398B /* WeiboApi.h */,
				3EE789881A0725980090398B /* WeiboApiObject.h */,
			);
			path = "腾讯微博";
			sourceTree = "<group>";
		};
		3EE789891A0725980090398B /* YouTuiSDK_v1.0.0 */ = {
			isa = PBXGroup;
			children = (
				3EE7898A1A0725980090398B /* image */,
				3EE7899D1A0725980090398B /* YouTuiSDK.a */,
				3EE7899E1A0725980090398B /* YouTuiSDK.h */,
			);
			path = YouTuiSDK_v1.0.0;
			sourceTree = "<group>";
		};
		3EE7898A1A0725980090398B /* image */ = {
			isa = PBXGroup;
			children = (
				3EE7898B1A0725980090398B /* 2222.png */,
				3EE7898C1A0725980090398B /* cancel.png */,
				3EE7898D1A0725980090398B /* cancel2.png */,
				3EE7898E1A0725980090398B /* cancel4.png */,
				3EE7898F1A0725980090398B /* email@2x.png */,
				3EE789901A0725980090398B /* logo.png */,
				3EE789911A0725980090398B /* musicImage.png */,
				3EE789921A0725980090398B /* qq.png */,
				3EE789931A0725980090398B /* qqzone.png */,
				3EE789941A0725980090398B /* refresh.png */,
				3EE789951A0725980090398B /* renren.png */,
				3EE789961A0725980090398B /* sina.png */,
				3EE789971A0725980090398B /* sms.png */,
				3EE789981A0725980090398B /* tcwb.png */,
				3EE789991A0725980090398B /* tick1.png */,
				3EE7899A1A0725980090398B /* tick2.png */,
				3EE7899B1A0725980090398B /* wechat.png */,
				3EE7899C1A0725980090398B /* wechatf.png */,
			);
			path = image;
			sourceTree = "<group>";
		};
/* End PBXGroup section */

/* Begin PBXNativeTarget section */
		3E12E29419FA56050067BEB2 /* YoutuiSDKDemo */ = {
			isa = PBXNativeTarget;
			buildConfigurationList = 3E12E2B819FA56050067BEB2 /* Build configuration list for PBXNativeTarget "YoutuiSDKDemo" */;
			buildPhases = (
				3E12E29119FA56050067BEB2 /* Sources */,
				3E12E29219FA56050067BEB2 /* Frameworks */,
				3E12E29319FA56050067BEB2 /* Resources */,
			);
			buildRules = (
			);
			dependencies = (
			);
			name = YoutuiSDKDemo;
			productName = YoutuiSDKDemo;
			productReference = 3E12E29519FA56050067BEB2 /* YoutuiSDKDemo.app */;
			productType = "com.apple.product-type.application";
		};
		3E12E2AD19FA56050067BEB2 /* YoutuiSDKDemoTests */ = {
			isa = PBXNativeTarget;
			buildConfigurationList = 3E12E2BB19FA56050067BEB2 /* Build configuration list for PBXNativeTarget "YoutuiSDKDemoTests" */;
			buildPhases = (
				3E12E2AA19FA56050067BEB2 /* Sources */,
				3E12E2AB19FA56050067BEB2 /* Frameworks */,
				3E12E2AC19FA56050067BEB2 /* Resources */,
			);
			buildRules = (
			);
			dependencies = (
				3E12E2B019FA56050067BEB2 /* PBXTargetDependency */,
			);
			name = YoutuiSDKDemoTests;
			productName = YoutuiSDKDemoTests;
			productReference = 3E12E2AE19FA56050067BEB2 /* YoutuiSDKDemoTests.xctest */;
			productType = "com.apple.product-type.bundle.unit-test";
		};
/* End PBXNativeTarget section */

/* Begin PBXProject section */
		3E12E28D19FA56050067BEB2 /* Project object */ = {
			isa = PBXProject;
			attributes = {
				LastUpgradeCheck = 0600;
				ORGANIZATIONNAME = FreeGeek;
				TargetAttributes = {
					3E12E29419FA56050067BEB2 = {
						CreatedOnToolsVersion = 6.0;
					};
					3E12E2AD19FA56050067BEB2 = {
						CreatedOnToolsVersion = 6.0;
						TestTargetID = 3E12E29419FA56050067BEB2;
					};
				};
			};
			buildConfigurationList = 3E12E29019FA56050067BEB2 /* Build configuration list for PBXProject "YoutuiSDKDemo" */;
			compatibilityVersion = "Xcode 3.2";
			developmentRegion = English;
			hasScannedForEncodings = 0;
			knownRegions = (
				en,
				Base,
			);
			mainGroup = 3E12E28C19FA56050067BEB2;
			productRefGroup = 3E12E29619FA56050067BEB2 /* Products */;
			projectDirPath = "";
			projectRoot = "";
			targets = (
				3E12E29419FA56050067BEB2 /* YoutuiSDKDemo */,
				3E12E2AD19FA56050067BEB2 /* YoutuiSDKDemoTests */,
			);
		};
/* End PBXProject section */

/* Begin PBXResourcesBuildPhase section */
		3E12E29319FA56050067BEB2 /* Resources */ = {
			isa = PBXResourcesBuildPhase;
			buildActionMask = 2147483647;
			files = (
				3EE789A21A0725980090398B /* TencentOpenApi_IOS_Bundle.bundle in Resources */,
				3EE789B61A0725980090398B /* musicImage.png in Resources */,
				3EE789AA1A0725980090398B /* RennSDK.bundle in Resources */,
				3EE789B81A0725980090398B /* qqzone.png in Resources */,
				3EE789C01A0725980090398B /* wechat.png in Resources */,
				3E12E2C119FA57430067BEB2 /* Main.storyboard in Resources */,
				3EE789BC1A0725980090398B /* sms.png in Resources */,
				3EE789B11A0725980090398B /* cancel.png in Resources */,
				3EE789B31A0725980090398B /* cancel4.png in Resources */,
				3EE789BA1A0725980090398B /* renren.png in Resources */,
				3E12E2A919FA56050067BEB2 /* LaunchScreen.xib in Resources */,
				3EE789B71A0725980090398B /* qq.png in Resources */,
				3EE789C11A0725980090398B /* wechatf.png in Resources */,
				3EE789BD1A0725980090398B /* tcwb.png in Resources */,
				3EE789B91A0725980090398B /* refresh.png in Resources */,
				3E8B015419FCC8F500461D65 /* Default@2x.png in Resources */,
				3EE789BB1A0725980090398B /* sina.png in Resources */,
				3E12E2A619FA56050067BEB2 /* Images.xcassets in Resources */,
				3E8B015219FCC8F500461D65 /* Default-568h@2x.png in Resources */,
				3EE789B01A0725980090398B /* 2222.png in Resources */,
				3EE789B21A0725980090398B /* cancel2.png in Resources */,
				3EE789AE1A0725980090398B /* WeiboSDK.bundle in Resources */,
				3EE789B51A0725980090398B /* logo.png in Resources */,
				3E8B015319FCC8F500461D65 /* Default.png in Resources */,
				3E8B014A19FCBE0A00461D65 /* ViewController.xib in Resources */,
				3EE789BE1A0725980090398B /* tick1.png in Resources */,
				3EE789B41A0725980090398B /* email@2x.png in Resources */,
				3EE789BF1A0725980090398B /* tick2.png in Resources */,
			);
			runOnlyForDeploymentPostprocessing = 0;
		};
		3E12E2AC19FA56050067BEB2 /* Resources */ = {
			isa = PBXResourcesBuildPhase;
			buildActionMask = 2147483647;
			files = (
			);
			runOnlyForDeploymentPostprocessing = 0;
		};
/* End PBXResourcesBuildPhase section */

/* Begin PBXSourcesBuildPhase section */
		3E12E29119FA56050067BEB2 /* Sources */ = {
			isa = PBXSourcesBuildPhase;
			buildActionMask = 2147483647;
			files = (
				3EE7899F1A0725980090398B /* LXActivity.m in Sources */,
				3EE789A81A0725980090398B /* SecureUDID.m in Sources */,
				3EE789A71A0725980090398B /* SBJsonWriter.m in Sources */,
				3EE789A51A0725980090398B /* SBJsonBase.m in Sources */,
				3E12E2A119FA56050067BEB2 /* ViewController.m in Sources */,
				3E12E29E19FA56050067BEB2 /* AppDelegate.m in Sources */,
				3E12E29B19FA56050067BEB2 /* main.m in Sources */,
				3EE789A31A0725980090398B /* NSObject+SBJSON.m in Sources */,
				3EE789A61A0725980090398B /* SBJsonParser.m in Sources */,
				3EE789A41A0725980090398B /* NSString+SBJSON.m in Sources */,
				3EE789A01A0725980090398B /* MiddleActivity.m in Sources */,
			);
			runOnlyForDeploymentPostprocessing = 0;
		};
		3E12E2AA19FA56050067BEB2 /* Sources */ = {
			isa = PBXSourcesBuildPhase;
			buildActionMask = 2147483647;
			files = (
				3E12E2B519FA56050067BEB2 /* YoutuiSDKDemoTests.m in Sources */,
			);
			runOnlyForDeploymentPostprocessing = 0;
		};
/* End PBXSourcesBuildPhase section */

/* Begin PBXTargetDependency section */
		3E12E2B019FA56050067BEB2 /* PBXTargetDependency */ = {
			isa = PBXTargetDependency;
			target = 3E12E29419FA56050067BEB2 /* YoutuiSDKDemo */;
			targetProxy = 3E12E2AF19FA56050067BEB2 /* PBXContainerItemProxy */;
		};
/* End PBXTargetDependency section */

/* Begin PBXVariantGroup section */
		3E12E2A719FA56050067BEB2 /* LaunchScreen.xib */ = {
			isa = PBXVariantGroup;
			children = (
				3E12E2A819FA56050067BEB2 /* Base */,
			);
			name = LaunchScreen.xib;
			sourceTree = "<group>";
		};
		3E12E2BF19FA57430067BEB2 /* Main.storyboard */ = {
			isa = PBXVariantGroup;
			children = (
				3E12E2C019FA57430067BEB2 /* Base */,
			);
			name = Main.storyboard;
			sourceTree = "<group>";
		};
/* End PBXVariantGroup section */

/* Begin XCBuildConfiguration section */
		3E12E2B619FA56050067BEB2 /* Debug */ = {
			isa = XCBuildConfiguration;
			buildSettings = {
				ALWAYS_SEARCH_USER_PATHS = NO;
				CLANG_CXX_LANGUAGE_STANDARD = "gnu++0x";
				CLANG_CXX_LIBRARY = "libc++";
				CLANG_ENABLE_MODULES = YES;
				CLANG_ENABLE_OBJC_ARC = YES;
				CLANG_WARN_BOOL_CONVERSION = YES;
				CLANG_WARN_CONSTANT_CONVERSION = YES;
				CLANG_WARN_DIRECT_OBJC_ISA_USAGE = YES_ERROR;
				CLANG_WARN_EMPTY_BODY = YES;
				CLANG_WARN_ENUM_CONVERSION = YES;
				CLANG_WARN_INT_CONVERSION = YES;
				CLANG_WARN_OBJC_ROOT_CLASS = YES_ERROR;
				CLANG_WARN_UNREACHABLE_CODE = YES;
				CLANG_WARN__DUPLICATE_METHOD_MATCH = YES;
				"CODE_SIGN_IDENTITY[sdk=iphoneos*]" = "iPhone Developer";
				COPY_PHASE_STRIP = NO;
				ENABLE_STRICT_OBJC_MSGSEND = YES;
				GCC_C_LANGUAGE_STANDARD = gnu99;
				GCC_DYNAMIC_NO_PIC = NO;
				GCC_OPTIMIZATION_LEVEL = 0;
				GCC_PREPROCESSOR_DEFINITIONS = (
					"DEBUG=1",
					"$(inherited)",
				);
				GCC_SYMBOLS_PRIVATE_EXTERN = NO;
				GCC_WARN_64_TO_32_BIT_CONVERSION = YES;
				GCC_WARN_ABOUT_RETURN_TYPE = YES_ERROR;
				GCC_WARN_UNDECLARED_SELECTOR = YES;
				GCC_WARN_UNINITIALIZED_AUTOS = YES_AGGRESSIVE;
				GCC_WARN_UNUSED_FUNCTION = YES;
				GCC_WARN_UNUSED_VARIABLE = YES;
				IPHONEOS_DEPLOYMENT_TARGET = 7.0;
				MTL_ENABLE_DEBUG_INFO = YES;
				ONLY_ACTIVE_ARCH = YES;
				SDKROOT = iphoneos;
			};
			name = Debug;
		};
		3E12E2B719FA56050067BEB2 /* Release */ = {
			isa = XCBuildConfiguration;
			buildSettings = {
				ALWAYS_SEARCH_USER_PATHS = NO;
				CLANG_CXX_LANGUAGE_STANDARD = "gnu++0x";
				CLANG_CXX_LIBRARY = "libc++";
				CLANG_ENABLE_MODULES = YES;
				CLANG_ENABLE_OBJC_ARC = YES;
				CLANG_WARN_BOOL_CONVERSION = YES;
				CLANG_WARN_CONSTANT_CONVERSION = YES;
				CLANG_WARN_DIRECT_OBJC_ISA_USAGE = YES_ERROR;
				CLANG_WARN_EMPTY_BODY = YES;
				CLANG_WARN_ENUM_CONVERSION = YES;
				CLANG_WARN_INT_CONVERSION = YES;
				CLANG_WARN_OBJC_ROOT_CLASS = YES_ERROR;
				CLANG_WARN_UNREACHABLE_CODE = YES;
				CLANG_WARN__DUPLICATE_METHOD_MATCH = YES;
				"CODE_SIGN_IDENTITY[sdk=iphoneos*]" = "iPhone Developer";
				COPY_PHASE_STRIP = YES;
				ENABLE_NS_ASSERTIONS = NO;
				ENABLE_STRICT_OBJC_MSGSEND = YES;
				GCC_C_LANGUAGE_STANDARD = gnu99;
				GCC_WARN_64_TO_32_BIT_CONVERSION = YES;
				GCC_WARN_ABOUT_RETURN_TYPE = YES_ERROR;
				GCC_WARN_UNDECLARED_SELECTOR = YES;
				GCC_WARN_UNINITIALIZED_AUTOS = YES_AGGRESSIVE;
				GCC_WARN_UNUSED_FUNCTION = YES;
				GCC_WARN_UNUSED_VARIABLE = YES;
				IPHONEOS_DEPLOYMENT_TARGET = 7.0;
				MTL_ENABLE_DEBUG_INFO = NO;
				SDKROOT = iphoneos;
				VALIDATE_PRODUCT = YES;
			};
			name = Release;
		};
		3E12E2B919FA56050067BEB2 /* Debug */ = {
			isa = XCBuildConfiguration;
			buildSettings = {
				ARCHS = "$(ARCHS_STANDARD)";
				ASSETCATALOG_COMPILER_APPICON_NAME = AppIcon;
				CODE_SIGN_IDENTITY = "iPhone Developer";
				FRAMEWORK_SEARCH_PATHS = (
					"$(inherited)",
					/Users/lin/Desktop/YouTuiSDK_1.0.0/YouTuiSDK_v1.0.0/lib/QQ,
					"/Users/lin/Desktop/YouTuiSDK_1.0.0/YouTuiSDK_v1.0.0/lib/人人",
					/Users/lin/Desktop/YouTuiShareSdk/YouTuiSDK_1.0.0/YouTuiSDK_v1.0/lib/QQ,
					"/Users/lin/Desktop/YouTuiShareSdk/YouTuiSDK_1.0.0/YouTuiSDK_v1.0/lib/人人",
					/Users/lin/Desktop/YouTuiSDKGitHub/YouTuiSDK/YouTuiSDK_1.0.0/YouTuiSDK_v1.0/lib/QQ,
					"/Users/lin/Desktop/YouTuiSDKGitHub/YouTuiSDK/YouTuiSDK_1.0.0/YouTuiSDK_v1.0/lib/人人",
				);
				INFOPLIST_FILE = YoutuiSDKDemo/Info.plist;
				IPHONEOS_DEPLOYMENT_TARGET = 7.0;
				LD_RUNPATH_SEARCH_PATHS = "$(inherited) @executable_path/Frameworks";
				LIBRARY_SEARCH_PATHS = (
					"/Users/lin/Desktop/YouTuiSDKGitHub/YouTuiSDK/YouTuiSDK_1.0.0/YouTuiSDK_v1.0/lib/人人",
					"/Users/lin/Desktop/YouTuiSDKGitHub/YouTuiSDK/YouTuiSDK_1.0.0/YouTuiSDK_v1.0/lib/微信",
					"/Users/lin/Desktop/YouTuiSDKGitHub/YouTuiSDK/YouTuiSDK_1.0.0/YouTuiSDK_v1.0/lib/新浪微博",
					"/Users/lin/Desktop/YouTuiSDKGitHub/YouTuiSDK/YouTuiSDK_1.0.0/YouTuiSDK_v1.0/lib/腾讯微博",
					/Users/lin/Desktop/YouTuiSDKGitHub/YouTuiSDK/YouTuiSDK_1.0.0/YouTuiSDK_v1.0/YouTuiSDK_v1.0.0,
				);
				ONLY_ACTIVE_ARCH = NO;
				PRODUCT_NAME = "$(TARGET_NAME)";
				VALID_ARCHS = "armv7 armv7s";
			};
			name = Debug;
		};
		3E12E2BA19FA56050067BEB2 /* Release */ = {
			isa = XCBuildConfiguration;
			buildSettings = {
				ARCHS = "$(ARCHS_STANDARD)";
				ASSETCATALOG_COMPILER_APPICON_NAME = AppIcon;
				CODE_SIGN_IDENTITY = "iPhone Distribution: steven li (LG5TU5PLEZ)";
				FRAMEWORK_SEARCH_PATHS = (
					"$(inherited)",
					/Users/lin/Desktop/YouTuiSDK_1.0.0/YouTuiSDK_v1.0.0/lib/QQ,
					"/Users/lin/Desktop/YouTuiSDK_1.0.0/YouTuiSDK_v1.0.0/lib/人人",
					/Users/lin/Desktop/YouTuiShareSdk/YouTuiSDK_1.0.0/YouTuiSDK_v1.0/lib/QQ,
					"/Users/lin/Desktop/YouTuiShareSdk/YouTuiSDK_1.0.0/YouTuiSDK_v1.0/lib/人人",
					/Users/lin/Desktop/YouTuiSDKGitHub/YouTuiSDK/YouTuiSDK_1.0.0/YouTuiSDK_v1.0/lib/QQ,
					"/Users/lin/Desktop/YouTuiSDKGitHub/YouTuiSDK/YouTuiSDK_1.0.0/YouTuiSDK_v1.0/lib/人人",
				);
				INFOPLIST_FILE = YoutuiSDKDemo/Info.plist;
				IPHONEOS_DEPLOYMENT_TARGET = 7.0;
				LD_RUNPATH_SEARCH_PATHS = "$(inherited) @executable_path/Frameworks";
				LIBRARY_SEARCH_PATHS = (
					"/Users/lin/Desktop/YouTuiSDKGitHub/YouTuiSDK/YouTuiSDK_1.0.0/YouTuiSDK_v1.0/lib/人人",
					"/Users/lin/Desktop/YouTuiSDKGitHub/YouTuiSDK/YouTuiSDK_1.0.0/YouTuiSDK_v1.0/lib/微信",
					"/Users/lin/Desktop/YouTuiSDKGitHub/YouTuiSDK/YouTuiSDK_1.0.0/YouTuiSDK_v1.0/lib/新浪微博",
					"/Users/lin/Desktop/YouTuiSDKGitHub/YouTuiSDK/YouTuiSDK_1.0.0/YouTuiSDK_v1.0/lib/腾讯微博",
					/Users/lin/Desktop/YouTuiSDKGitHub/YouTuiSDK/YouTuiSDK_1.0.0/YouTuiSDK_v1.0/YouTuiSDK_v1.0.0,
				);
				ONLY_ACTIVE_ARCH = YES;
				PRODUCT_NAME = "$(TARGET_NAME)";
				VALID_ARCHS = "armv7 armv7s";
			};
			name = Release;
		};
		3E12E2BC19FA56050067BEB2 /* Debug */ = {
			isa = XCBuildConfiguration;
			buildSettings = {
				BUNDLE_LOADER = "$(TEST_HOST)";
				FRAMEWORK_SEARCH_PATHS = (
					"$(SDKROOT)/Developer/Library/Frameworks",
					"$(inherited)",
				);
				GCC_PREPROCESSOR_DEFINITIONS = (
					"DEBUG=1",
					"$(inherited)",
				);
				INFOPLIST_FILE = YoutuiSDKDemoTests/Info.plist;
				LD_RUNPATH_SEARCH_PATHS = "$(inherited) @executable_path/Frameworks @loader_path/Frameworks";
				PRODUCT_NAME = "$(TARGET_NAME)";
				TEST_HOST = "$(BUILT_PRODUCTS_DIR)/YoutuiSDKDemo.app/YoutuiSDKDemo";
			};
			name = Debug;
		};
		3E12E2BD19FA56050067BEB2 /* Release */ = {
			isa = XCBuildConfiguration;
			buildSettings = {
				BUNDLE_LOADER = "$(TEST_HOST)";
				FRAMEWORK_SEARCH_PATHS = (
					"$(SDKROOT)/Developer/Library/Frameworks",
					"$(inherited)",
				);
				INFOPLIST_FILE = YoutuiSDKDemoTests/Info.plist;
				LD_RUNPATH_SEARCH_PATHS = "$(inherited) @executable_path/Frameworks @loader_path/Frameworks";
				PRODUCT_NAME = "$(TARGET_NAME)";
				TEST_HOST = "$(BUILT_PRODUCTS_DIR)/YoutuiSDKDemo.app/YoutuiSDKDemo";
			};
			name = Release;
		};
/* End XCBuildConfiguration section */

/* Begin XCConfigurationList section */
		3E12E29019FA56050067BEB2 /* Build configuration list for PBXProject "YoutuiSDKDemo" */ = {
			isa = XCConfigurationList;
			buildConfigurations = (
				3E12E2B619FA56050067BEB2 /* Debug */,
				3E12E2B719FA56050067BEB2 /* Release */,
			);
			defaultConfigurationIsVisible = 0;
			defaultConfigurationName = Release;
		};
		3E12E2B819FA56050067BEB2 /* Build configuration list for PBXNativeTarget "YoutuiSDKDemo" */ = {
			isa = XCConfigurationList;
			buildConfigurations = (
				3E12E2B919FA56050067BEB2 /* Debug */,
				3E12E2BA19FA56050067BEB2 /* Release */,
			);
			defaultConfigurationIsVisible = 0;
			defaultConfigurationName = Release;
		};
		3E12E2BB19FA56050067BEB2 /* Build configuration list for PBXNativeTarget "YoutuiSDKDemoTests" */ = {
			isa = XCConfigurationList;
			buildConfigurations = (
				3E12E2BC19FA56050067BEB2 /* Debug */,
				3E12E2BD19FA56050067BEB2 /* Release */,
			);
			defaultConfigurationIsVisible = 0;
			defaultConfigurationName = Release;
		};
/* End XCConfigurationList section */
	};
	rootObject = 3E12E28D19FA56050067BEB2 /* Project object */;
}
