// !$*UTF8*$!
{
	archiveVersion = 1;
	classes = {
	};
	objectVersion = 46;
	objects = {

/* Begin PBXBuildFile section */
		3E12E32219FA58120067BEB2 /* libsqlite3.dylib in Frameworks */ = {isa = PBXBuildFile; fileRef = 3E12E32119FA58120067BEB2 /* libsqlite3.dylib */; };
		3E12E32419FA581D0067BEB2 /* libstdc++.dylib in Frameworks */ = {isa = PBXBuildFile; fileRef = 3E12E32319FA581D0067BEB2 /* libstdc++.dylib */; };
		3E12E32619FA58260067BEB2 /* Social.framework in Frameworks */ = {isa = PBXBuildFile; fileRef = 3E12E32519FA58260067BEB2 /* Social.framework */; };
		3E12E32819FA582F0067BEB2 /* Accounts.framework in Frameworks */ = {isa = PBXBuildFile; fileRef = 3E12E32719FA582F0067BEB2 /* Accounts.framework */; };
		3E12E32A19FA58420067BEB2 /* CoreTelephony.framework in Frameworks */ = {isa = PBXBuildFile; fileRef = 3E12E32919FA58420067BEB2 /* CoreTelephony.framework */; };
		3E12E32C19FA584B0067BEB2 /* SystemConfiguration.framework in Frameworks */ = {isa = PBXBuildFile; fileRef = 3E12E32B19FA584B0067BEB2 /* SystemConfiguration.framework */; };
		3E4541521A1377AC002E075C /* AppDelegate.m in Sources */ = {isa = PBXBuildFile; fileRef = 3E4541401A1377AC002E075C /* AppDelegate.m */; };
		3E4541531A1377AC002E075C /* LaunchScreen.xib in Resources */ = {isa = PBXBuildFile; fileRef = 3E4541411A1377AC002E075C /* LaunchScreen.xib */; };
		3E4541541A1377AC002E075C /* Main.storyboard in Resources */ = {isa = PBXBuildFile; fileRef = 3E4541431A1377AC002E075C /* Main.storyboard */; };
		3E4541551A1377AC002E075C /* Default-568h@2x.png in Resources */ = {isa = PBXBuildFile; fileRef = 3E4541451A1377AC002E075C /* Default-568h@2x.png */; };
		3E4541561A1377AC002E075C /* Default.png in Resources */ = {isa = PBXBuildFile; fileRef = 3E4541461A1377AC002E075C /* Default.png */; };
		3E4541571A1377AC002E075C /* Default@2x.png in Resources */ = {isa = PBXBuildFile; fileRef = 3E4541471A1377AC002E075C /* Default@2x.png */; };
		3E4541581A1377AC002E075C /* Images.xcassets in Resources */ = {isa = PBXBuildFile; fileRef = 3E4541491A1377AC002E075C /* Images.xcassets */; };
		3E45415A1A1377AC002E075C /* main.m in Sources */ = {isa = PBXBuildFile; fileRef = 3E45414B1A1377AC002E075C /* main.m */; };
		3E45415B1A1377AC002E075C /* ViewController.m in Sources */ = {isa = PBXBuildFile; fileRef = 3E45414D1A1377AC002E075C /* ViewController.m */; };
		3E45415C1A1377AC002E075C /* ViewController.xib in Resources */ = {isa = PBXBuildFile; fileRef = 3E45414E1A1377AC002E075C /* ViewController.xib */; };
		3E4541601A1378D3002E075C /* youtuiShare-iosTests.m in Sources */ = {isa = PBXBuildFile; fileRef = 3E45415F1A1378D3002E075C /* youtuiShare-iosTests.m */; };
		3E4541DE1A13821D002E075C /* QQCallBack.m in Sources */ = {isa = PBXBuildFile; fileRef = 3E4541D71A13821D002E075C /* QQCallBack.m */; };
		3E4541DF1A13821D002E075C /* RennCallBack.m in Sources */ = {isa = PBXBuildFile; fileRef = 3E4541D91A13821D002E075C /* RennCallBack.m */; };
		3E4541E01A13821D002E075C /* SinaCallBack.m in Sources */ = {isa = PBXBuildFile; fileRef = 3E4541DB1A13821D002E075C /* SinaCallBack.m */; };
		3E4541E11A13821D002E075C /* TcWbCallBack.m in Sources */ = {isa = PBXBuildFile; fileRef = 3E4541DD1A13821D002E075C /* TcWbCallBack.m */; };
		3E650D651A0B7DCC00BD5312 /* libz.dylib in Frameworks */ = {isa = PBXBuildFile; fileRef = 3E12E31F19FA57FD0067BEB2 /* libz.dylib */; };
		3E65D8871A19F8AF00A17CBD /* cancel.png in Resources */ = {isa = PBXBuildFile; fileRef = 3E65D8861A19F8AF00A17CBD /* cancel.png */; };
		3ED7A7181A19E697000AD799 /* FreeGeekSheet.m in Sources */ = {isa = PBXBuildFile; fileRef = 3ED7A6DD1A19E697000AD799 /* FreeGeekSheet.m */; };
		3ED7A7191A19E697000AD799 /* GiftTalkSheetView.m in Sources */ = {isa = PBXBuildFile; fileRef = 3ED7A6DF1A19E697000AD799 /* GiftTalkSheetView.m */; };
		3ED7A71A1A19E697000AD799 /* TencentOpenAPI.framework in Frameworks */ = {isa = PBXBuildFile; fileRef = 3ED7A6E11A19E697000AD799 /* TencentOpenAPI.framework */; };
		3ED7A71B1A19E697000AD799 /* TencentOpenApi_IOS_Bundle.bundle in Resources */ = {isa = PBXBuildFile; fileRef = 3ED7A6E21A19E697000AD799 /* TencentOpenApi_IOS_Bundle.bundle */; };
		3ED7A71C1A19E697000AD799 /* NSObject+SBJSON.m in Sources */ = {isa = PBXBuildFile; fileRef = 3ED7A6E61A19E697000AD799 /* NSObject+SBJSON.m */; };
		3ED7A71D1A19E697000AD799 /* NSString+SBJSON.m in Sources */ = {isa = PBXBuildFile; fileRef = 3ED7A6E81A19E697000AD799 /* NSString+SBJSON.m */; };
		3ED7A71E1A19E697000AD799 /* SBJsonBase.m in Sources */ = {isa = PBXBuildFile; fileRef = 3ED7A6EA1A19E697000AD799 /* SBJsonBase.m */; };
		3ED7A71F1A19E697000AD799 /* SBJsonParser.m in Sources */ = {isa = PBXBuildFile; fileRef = 3ED7A6EC1A19E697000AD799 /* SBJsonParser.m */; };
		3ED7A7201A19E697000AD799 /* SBJsonWriter.m in Sources */ = {isa = PBXBuildFile; fileRef = 3ED7A6EE1A19E697000AD799 /* SBJsonWriter.m */; };
		3ED7A7211A19E697000AD799 /* SecureUDID.m in Sources */ = {isa = PBXBuildFile; fileRef = 3ED7A6F01A19E697000AD799 /* SecureUDID.m */; };
		3ED7A7221A19E697000AD799 /* libShareComponent.a in Frameworks */ = {isa = PBXBuildFile; fileRef = 3ED7A6F21A19E697000AD799 /* libShareComponent.a */; };
		3ED7A7231A19E697000AD799 /* RennSDK.bundle in Resources */ = {isa = PBXBuildFile; fileRef = 3ED7A6F31A19E697000AD799 /* RennSDK.bundle */; };
		3ED7A7241A19E697000AD799 /* RennSDK.framework in Frameworks */ = {isa = PBXBuildFile; fileRef = 3ED7A6F41A19E697000AD799 /* RennSDK.framework */; };
		3ED7A7251A19E697000AD799 /* libWeChatSDK.a in Frameworks */ = {isa = PBXBuildFile; fileRef = 3ED7A6F71A19E697000AD799 /* libWeChatSDK.a */; };
		3ED7A7261A19E697000AD799 /* libWeiboSDK.a in Frameworks */ = {isa = PBXBuildFile; fileRef = 3ED7A6FB1A19E697000AD799 /* libWeiboSDK.a */; };
		3ED7A7271A19E697000AD799 /* WeiboSDK.bundle in Resources */ = {isa = PBXBuildFile; fileRef = 3ED7A6FC1A19E697000AD799 /* WeiboSDK.bundle */; };
		3ED7A7281A19E697000AD799 /* libTCWeiboSDK.a in Frameworks */ = {isa = PBXBuildFile; fileRef = 3ED7A6FF1A19E697000AD799 /* libTCWeiboSDK.a */; };
		3ED7A7291A19E697000AD799 /* email.png in Resources */ = {isa = PBXBuildFile; fileRef = 3ED7A7041A19E697000AD799 /* email.png */; };
		3ED7A72A1A19E697000AD799 /* head.png in Resources */ = {isa = PBXBuildFile; fileRef = 3ED7A7051A19E697000AD799 /* head.png */; };
		3ED7A72B1A19E697000AD799 /* logo.png in Resources */ = {isa = PBXBuildFile; fileRef = 3ED7A7061A19E697000AD799 /* logo.png */; };
		3ED7A72C1A19E697000AD799 /* mark.png in Resources */ = {isa = PBXBuildFile; fileRef = 3ED7A7071A19E697000AD799 /* mark.png */; };
		3ED7A72E1A19E697000AD799 /* musicImage.png in Resources */ = {isa = PBXBuildFile; fileRef = 3ED7A7091A19E697000AD799 /* musicImage.png */; };
		3ED7A72F1A19E697000AD799 /* qqR.png in Resources */ = {isa = PBXBuildFile; fileRef = 3ED7A70A1A19E697000AD799 /* qqR.png */; };
		3ED7A7311A19E697000AD799 /* refresh.png in Resources */ = {isa = PBXBuildFile; fileRef = 3ED7A70C1A19E697000AD799 /* refresh.png */; };
		3ED7A7321A19E697000AD799 /* rennR.png in Resources */ = {isa = PBXBuildFile; fileRef = 3ED7A70D1A19E697000AD799 /* rennR.png */; };
		3ED7A7331A19E697000AD799 /* sinaR.png in Resources */ = {isa = PBXBuildFile; fileRef = 3ED7A70E1A19E697000AD799 /* sinaR.png */; };
		3ED7A7341A19E697000AD799 /* sms.png in Resources */ = {isa = PBXBuildFile; fileRef = 3ED7A70F1A19E697000AD799 /* sms.png */; };
		3ED7A7351A19E697000AD799 /* tcwbR.png in Resources */ = {isa = PBXBuildFile; fileRef = 3ED7A7101A19E697000AD799 /* tcwbR.png */; };
		3ED7A7381A19E697000AD799 /* wechatf.png in Resources */ = {isa = PBXBuildFile; fileRef = 3ED7A7131A19E697000AD799 /* wechatf.png */; };
		3ED7A7391A19E697000AD799 /* wechatR.png in Resources */ = {isa = PBXBuildFile; fileRef = 3ED7A7141A19E697000AD799 /* wechatR.png */; };
		3ED7A73A1A19E697000AD799 /* YouTuiSDK.a in Frameworks */ = {isa = PBXBuildFile; fileRef = 3ED7A7151A19E697000AD799 /* YouTuiSDK.a */; };
		3ED7A73B1A19E697000AD799 /* YouTuiSDK.m in Sources */ = {isa = PBXBuildFile; fileRef = 3ED7A7171A19E697000AD799 /* YouTuiSDK.m */; };
		3ED7A73D1A19E881000AD799 /* qqzone.png in Resources */ = {isa = PBXBuildFile; fileRef = 3ED7A73C1A19E881000AD799 /* qqzone.png */; };
		3ED7A73F1A19E893000AD799 /* qqzoneR.png in Resources */ = {isa = PBXBuildFile; fileRef = 3ED7A73E1A19E893000AD799 /* qqzoneR.png */; };
		3ED7A7411A19E89A000AD799 /* smsR.png in Resources */ = {isa = PBXBuildFile; fileRef = 3ED7A7401A19E89A000AD799 /* smsR.png */; };
/* End PBXBuildFile section */

/* Begin PBXContainerItemProxy section */
		3E12E2AF19FA56050067BEB2 /* PBXContainerItemProxy */ = {
			isa = PBXContainerItemProxy;
			containerPortal = 3E12E28D19FA56050067BEB2 /* Project object */;
			proxyType = 1;
			remoteGlobalIDString = 3E12E29419FA56050067BEB2;
			remoteInfo = YoutuiSDKDemo;
		};
/* End PBXContainerItemProxy section */

/* Begin PBXFileReference section */
		3E12E29519FA56050067BEB2 /* youtuiShare-ios.app */ = {isa = PBXFileReference; explicitFileType = wrapper.application; includeInIndex = 0; path = "youtuiShare-ios.app"; sourceTree = BUILT_PRODUCTS_DIR; };
		3E12E2AE19FA56050067BEB2 /* youtuiShare-iosTests.xctest */ = {isa = PBXFileReference; explicitFileType = wrapper.cfbundle; includeInIndex = 0; path = "youtuiShare-iosTests.xctest"; sourceTree = BUILT_PRODUCTS_DIR; };
		3E12E31F19FA57FD0067BEB2 /* libz.dylib */ = {isa = PBXFileReference; lastKnownFileType = "compiled.mach-o.dylib"; name = libz.dylib; path = usr/lib/libz.dylib; sourceTree = SDKROOT; };
		3E12E32119FA58120067BEB2 /* libsqlite3.dylib */ = {isa = PBXFileReference; lastKnownFileType = "compiled.mach-o.dylib"; name = libsqlite3.dylib; path = usr/lib/libsqlite3.dylib; sourceTree = SDKROOT; };
		3E12E32319FA581D0067BEB2 /* libstdc++.dylib */ = {isa = PBXFileReference; lastKnownFileType = "compiled.mach-o.dylib"; name = "libstdc++.dylib"; path = "usr/lib/libstdc++.dylib"; sourceTree = SDKROOT; };
		3E12E32519FA58260067BEB2 /* Social.framework */ = {isa = PBXFileReference; lastKnownFileType = wrapper.framework; name = Social.framework; path = System/Library/Frameworks/Social.framework; sourceTree = SDKROOT; };
		3E12E32719FA582F0067BEB2 /* Accounts.framework */ = {isa = PBXFileReference; lastKnownFileType = wrapper.framework; name = Accounts.framework; path = System/Library/Frameworks/Accounts.framework; sourceTree = SDKROOT; };
		3E12E32919FA58420067BEB2 /* CoreTelephony.framework */ = {isa = PBXFileReference; lastKnownFileType = wrapper.framework; name = CoreTelephony.framework; path = System/Library/Frameworks/CoreTelephony.framework; sourceTree = SDKROOT; };
		3E12E32B19FA584B0067BEB2 /* SystemConfiguration.framework */ = {isa = PBXFileReference; lastKnownFileType = wrapper.framework; name = SystemConfiguration.framework; path = System/Library/Frameworks/SystemConfiguration.framework; sourceTree = SDKROOT; };
		3E45413F1A1377AC002E075C /* AppDelegate.h */ = {isa = PBXFileReference; fileEncoding = 4; lastKnownFileType = sourcecode.c.h; path = AppDelegate.h; sourceTree = "<group>"; };
		3E4541401A1377AC002E075C /* AppDelegate.m */ = {isa = PBXFileReference; fileEncoding = 4; lastKnownFileType = sourcecode.c.objc; path = AppDelegate.m; sourceTree = "<group>"; };
		3E4541421A1377AC002E075C /* Base */ = {isa = PBXFileReference; lastKnownFileType = file.xib; name = Base; path = Base.lproj/LaunchScreen.xib; sourceTree = "<group>"; };
		3E4541441A1377AC002E075C /* Base */ = {isa = PBXFileReference; lastKnownFileType = file.storyboard; name = Base; path = Base.lproj/Main.storyboard; sourceTree = "<group>"; };
		3E4541451A1377AC002E075C /* Default-568h@2x.png */ = {isa = PBXFileReference; lastKnownFileType = image.png; name = "Default-568h@2x.png"; path = "youtuiShare-ios/Default-568h@2x.png"; sourceTree = "<group>"; };
		3E4541461A1377AC002E075C /* Default.png */ = {isa = PBXFileReference; lastKnownFileType = image.png; name = Default.png; path = "youtuiShare-ios/Default.png"; sourceTree = "<group>"; };
		3E4541471A1377AC002E075C /* Default@2x.png */ = {isa = PBXFileReference; lastKnownFileType = image.png; name = "Default@2x.png"; path = "youtuiShare-ios/Default@2x.png"; sourceTree = "<group>"; };
		3E4541481A1377AC002E075C /* Header.h */ = {isa = PBXFileReference; fileEncoding = 4; lastKnownFileType = sourcecode.c.h; path = Header.h; sourceTree = "<group>"; };
		3E4541491A1377AC002E075C /* Images.xcassets */ = {isa = PBXFileReference; lastKnownFileType = folder.assetcatalog; path = Images.xcassets; sourceTree = "<group>"; };
		3E45414A1A1377AC002E075C /* Info.plist */ = {isa = PBXFileReference; fileEncoding = 4; lastKnownFileType = text.plist.xml; name = Info.plist; path = "youtuiShare-ios/Info.plist"; sourceTree = "<group>"; };
		3E45414B1A1377AC002E075C /* main.m */ = {isa = PBXFileReference; fileEncoding = 4; lastKnownFileType = sourcecode.c.objc; name = main.m; path = "youtuiShare-ios/main.m"; sourceTree = "<group>"; };
		3E45414C1A1377AC002E075C /* ViewController.h */ = {isa = PBXFileReference; fileEncoding = 4; lastKnownFileType = sourcecode.c.h; path = ViewController.h; sourceTree = "<group>"; };
		3E45414D1A1377AC002E075C /* ViewController.m */ = {isa = PBXFileReference; fileEncoding = 4; lastKnownFileType = sourcecode.c.objc; path = ViewController.m; sourceTree = "<group>"; };
		3E45414E1A1377AC002E075C /* ViewController.xib */ = {isa = PBXFileReference; fileEncoding = 4; lastKnownFileType = file.xib; path = ViewController.xib; sourceTree = "<group>"; };
		3E4541501A1377AC002E075C /* Info.plist */ = {isa = PBXFileReference; fileEncoding = 4; lastKnownFileType = text.plist.xml; path = Info.plist; sourceTree = "<group>"; };
		3E45415F1A1378D3002E075C /* youtuiShare-iosTests.m */ = {isa = PBXFileReference; fileEncoding = 4; lastKnownFileType = sourcecode.c.objc; path = "youtuiShare-iosTests.m"; sourceTree = "<group>"; };
		3E4541D61A13821D002E075C /* QQCallBack.h */ = {isa = PBXFileReference; fileEncoding = 4; lastKnownFileType = sourcecode.c.h; path = QQCallBack.h; sourceTree = "<group>"; };
		3E4541D71A13821D002E075C /* QQCallBack.m */ = {isa = PBXFileReference; fileEncoding = 4; lastKnownFileType = sourcecode.c.objc; path = QQCallBack.m; sourceTree = "<group>"; };
		3E4541D81A13821D002E075C /* RennCallBack.h */ = {isa = PBXFileReference; fileEncoding = 4; lastKnownFileType = sourcecode.c.h; path = RennCallBack.h; sourceTree = "<group>"; };
		3E4541D91A13821D002E075C /* RennCallBack.m */ = {isa = PBXFileReference; fileEncoding = 4; lastKnownFileType = sourcecode.c.objc; path = RennCallBack.m; sourceTree = "<group>"; };
		3E4541DA1A13821D002E075C /* SinaCallBack.h */ = {isa = PBXFileReference; fileEncoding = 4; lastKnownFileType = sourcecode.c.h; path = SinaCallBack.h; sourceTree = "<group>"; };
		3E4541DB1A13821D002E075C /* SinaCallBack.m */ = {isa = PBXFileReference; fileEncoding = 4; lastKnownFileType = sourcecode.c.objc; path = SinaCallBack.m; sourceTree = "<group>"; };
		3E4541DC1A13821D002E075C /* TcWbCallBack.h */ = {isa = PBXFileReference; fileEncoding = 4; lastKnownFileType = sourcecode.c.h; path = TcWbCallBack.h; sourceTree = "<group>"; };
		3E4541DD1A13821D002E075C /* TcWbCallBack.m */ = {isa = PBXFileReference; fileEncoding = 4; lastKnownFileType = sourcecode.c.objc; path = TcWbCallBack.m; sourceTree = "<group>"; };
		3E65D8861A19F8AF00A17CBD /* cancel.png */ = {isa = PBXFileReference; lastKnownFileType = image.png; path = cancel.png; sourceTree = "<group>"; };
		3ED7A6DC1A19E697000AD799 /* FreeGeekSheet.h */ = {isa = PBXFileReference; fileEncoding = 4; lastKnownFileType = sourcecode.c.h; path = FreeGeekSheet.h; sourceTree = "<group>"; };
		3ED7A6DD1A19E697000AD799 /* FreeGeekSheet.m */ = {isa = PBXFileReference; fileEncoding = 4; lastKnownFileType = sourcecode.c.objc; path = FreeGeekSheet.m; sourceTree = "<group>"; };
		3ED7A6DE1A19E697000AD799 /* GiftTalkSheetView.h */ = {isa = PBXFileReference; fileEncoding = 4; lastKnownFileType = sourcecode.c.h; path = GiftTalkSheetView.h; sourceTree = "<group>"; };
		3ED7A6DF1A19E697000AD799 /* GiftTalkSheetView.m */ = {isa = PBXFileReference; fileEncoding = 4; lastKnownFileType = sourcecode.c.objc; path = GiftTalkSheetView.m; sourceTree = "<group>"; };
		3ED7A6E11A19E697000AD799 /* TencentOpenAPI.framework */ = {isa = PBXFileReference; lastKnownFileType = wrapper.framework; path = TencentOpenAPI.framework; sourceTree = "<group>"; };
		3ED7A6E21A19E697000AD799 /* TencentOpenApi_IOS_Bundle.bundle */ = {isa = PBXFileReference; lastKnownFileType = "wrapper.plug-in"; path = TencentOpenApi_IOS_Bundle.bundle; sourceTree = "<group>"; };
		3ED7A6E41A19E697000AD799 /* JSON.h */ = {isa = PBXFileReference; fileEncoding = 4; lastKnownFileType = sourcecode.c.h; path = JSON.h; sourceTree = "<group>"; };
		3ED7A6E51A19E697000AD799 /* NSObject+SBJSON.h */ = {isa = PBXFileReference; fileEncoding = 4; lastKnownFileType = sourcecode.c.h; path = "NSObject+SBJSON.h"; sourceTree = "<group>"; };
		3ED7A6E61A19E697000AD799 /* NSObject+SBJSON.m */ = {isa = PBXFileReference; fileEncoding = 4; lastKnownFileType = sourcecode.c.objc; path = "NSObject+SBJSON.m"; sourceTree = "<group>"; };
		3ED7A6E71A19E697000AD799 /* NSString+SBJSON.h */ = {isa = PBXFileReference; fileEncoding = 4; lastKnownFileType = sourcecode.c.h; path = "NSString+SBJSON.h"; sourceTree = "<group>"; };
		3ED7A6E81A19E697000AD799 /* NSString+SBJSON.m */ = {isa = PBXFileReference; fileEncoding = 4; lastKnownFileType = sourcecode.c.objc; path = "NSString+SBJSON.m"; sourceTree = "<group>"; };
		3ED7A6E91A19E697000AD799 /* SBJsonBase.h */ = {isa = PBXFileReference; fileEncoding = 4; lastKnownFileType = sourcecode.c.h; path = SBJsonBase.h; sourceTree = "<group>"; };
		3ED7A6EA1A19E697000AD799 /* SBJsonBase.m */ = {isa = PBXFileReference; fileEncoding = 4; lastKnownFileType = sourcecode.c.objc; path = SBJsonBase.m; sourceTree = "<group>"; };
		3ED7A6EB1A19E697000AD799 /* SBJsonParser.h */ = {isa = PBXFileReference; fileEncoding = 4; lastKnownFileType = sourcecode.c.h; path = SBJsonParser.h; sourceTree = "<group>"; };
		3ED7A6EC1A19E697000AD799 /* SBJsonParser.m */ = {isa = PBXFileReference; fileEncoding = 4; lastKnownFileType = sourcecode.c.objc; path = SBJsonParser.m; sourceTree = "<group>"; };
		3ED7A6ED1A19E697000AD799 /* SBJsonWriter.h */ = {isa = PBXFileReference; fileEncoding = 4; lastKnownFileType = sourcecode.c.h; path = SBJsonWriter.h; sourceTree = "<group>"; };
		3ED7A6EE1A19E697000AD799 /* SBJsonWriter.m */ = {isa = PBXFileReference; fileEncoding = 4; lastKnownFileType = sourcecode.c.objc; path = SBJsonWriter.m; sourceTree = "<group>"; };
		3ED7A6EF1A19E697000AD799 /* SecureUDID.h */ = {isa = PBXFileReference; fileEncoding = 4; lastKnownFileType = sourcecode.c.h; path = SecureUDID.h; sourceTree = "<group>"; };
		3ED7A6F01A19E697000AD799 /* SecureUDID.m */ = {isa = PBXFileReference; fileEncoding = 4; lastKnownFileType = sourcecode.c.objc; path = SecureUDID.m; sourceTree = "<group>"; };
		3ED7A6F21A19E697000AD799 /* libShareComponent.a */ = {isa = PBXFileReference; lastKnownFileType = archive.ar; path = libShareComponent.a; sourceTree = "<group>"; };
		3ED7A6F31A19E697000AD799 /* RennSDK.bundle */ = {isa = PBXFileReference; lastKnownFileType = "wrapper.plug-in"; path = RennSDK.bundle; sourceTree = "<group>"; };
		3ED7A6F41A19E697000AD799 /* RennSDK.framework */ = {isa = PBXFileReference; lastKnownFileType = wrapper.framework; path = RennSDK.framework; sourceTree = "<group>"; };
		3ED7A6F51A19E697000AD799 /* RennShareComponent.h */ = {isa = PBXFileReference; fileEncoding = 4; lastKnownFileType = sourcecode.c.h; path = RennShareComponent.h; sourceTree = "<group>"; };
		3ED7A6F71A19E697000AD799 /* libWeChatSDK.a */ = {isa = PBXFileReference; lastKnownFileType = archive.ar; path = libWeChatSDK.a; sourceTree = "<group>"; };
		3ED7A6F81A19E697000AD799 /* WXApi.h */ = {isa = PBXFileReference; fileEncoding = 4; lastKnownFileType = sourcecode.c.h; path = WXApi.h; sourceTree = "<group>"; };
		3ED7A6F91A19E697000AD799 /* WXApiObject.h */ = {isa = PBXFileReference; fileEncoding = 4; lastKnownFileType = sourcecode.c.h; path = WXApiObject.h; sourceTree = "<group>"; };
		3ED7A6FB1A19E697000AD799 /* libWeiboSDK.a */ = {isa = PBXFileReference; lastKnownFileType = archive.ar; path = libWeiboSDK.a; sourceTree = "<group>"; };
		3ED7A6FC1A19E697000AD799 /* WeiboSDK.bundle */ = {isa = PBXFileReference; lastKnownFileType = "wrapper.plug-in"; path = WeiboSDK.bundle; sourceTree = "<group>"; };
		3ED7A6FD1A19E697000AD799 /* WeiboSDK.h */ = {isa = PBXFileReference; fileEncoding = 4; lastKnownFileType = sourcecode.c.h; path = WeiboSDK.h; sourceTree = "<group>"; };
		3ED7A6FF1A19E697000AD799 /* libTCWeiboSDK.a */ = {isa = PBXFileReference; lastKnownFileType = archive.ar; path = libTCWeiboSDK.a; sourceTree = "<group>"; };
		3ED7A7001A19E697000AD799 /* WeiboApi.h */ = {isa = PBXFileReference; fileEncoding = 4; lastKnownFileType = sourcecode.c.h; path = WeiboApi.h; sourceTree = "<group>"; };
		3ED7A7011A19E697000AD799 /* WeiboApiObject.h */ = {isa = PBXFileReference; fileEncoding = 4; lastKnownFileType = sourcecode.c.h; path = WeiboApiObject.h; sourceTree = "<group>"; };
		3ED7A7041A19E697000AD799 /* email.png */ = {isa = PBXFileReference; lastKnownFileType = image.png; path = email.png; sourceTree = "<group>"; };
		3ED7A7051A19E697000AD799 /* head.png */ = {isa = PBXFileReference; lastKnownFileType = image.png; path = head.png; sourceTree = "<group>"; };
		3ED7A7061A19E697000AD799 /* logo.png */ = {isa = PBXFileReference; lastKnownFileType = image.png; path = logo.png; sourceTree = "<group>"; };
		3ED7A7071A19E697000AD799 /* mark.png */ = {isa = PBXFileReference; lastKnownFileType = image.png; path = mark.png; sourceTree = "<group>"; };
		3ED7A7091A19E697000AD799 /* musicImage.png */ = {isa = PBXFileReference; lastKnownFileType = image.png; path = musicImage.png; sourceTree = "<group>"; };
		3ED7A70A1A19E697000AD799 /* qqR.png */ = {isa = PBXFileReference; lastKnownFileType = image.png; path = qqR.png; sourceTree = "<group>"; };
		3ED7A70C1A19E697000AD799 /* refresh.png */ = {isa = PBXFileReference; lastKnownFileType = image.png; path = refresh.png; sourceTree = "<group>"; };
		3ED7A70D1A19E697000AD799 /* rennR.png */ = {isa = PBXFileReference; lastKnownFileType = image.png; path = rennR.png; sourceTree = "<group>"; };
		3ED7A70E1A19E697000AD799 /* sinaR.png */ = {isa = PBXFileReference; lastKnownFileType = image.png; path = sinaR.png; sourceTree = "<group>"; };
		3ED7A70F1A19E697000AD799 /* sms.png */ = {isa = PBXFileReference; lastKnownFileType = image.png; path = sms.png; sourceTree = "<group>"; };
		3ED7A7101A19E697000AD799 /* tcwbR.png */ = {isa = PBXFileReference; lastKnownFileType = image.png; path = tcwbR.png; sourceTree = "<group>"; };
		3ED7A7131A19E697000AD799 /* wechatf.png */ = {isa = PBXFileReference; lastKnownFileType = image.png; path = wechatf.png; sourceTree = "<group>"; };
		3ED7A7141A19E697000AD799 /* wechatR.png */ = {isa = PBXFileReference; lastKnownFileType = image.png; path = wechatR.png; sourceTree = "<group>"; };
		3ED7A7151A19E697000AD799 /* YouTuiSDK.a */ = {isa = PBXFileReference; lastKnownFileType = archive.ar; path = YouTuiSDK.a; sourceTree = "<group>"; };
		3ED7A7161A19E697000AD799 /* YouTuiSDK.h */ = {isa = PBXFileReference; fileEncoding = 4; lastKnownFileType = sourcecode.c.h; path = YouTuiSDK.h; sourceTree = "<group>"; };
		3ED7A7171A19E697000AD799 /* YouTuiSDK.m */ = {isa = PBXFileReference; fileEncoding = 4; lastKnownFileType = sourcecode.c.objc; path = YouTuiSDK.m; sourceTree = "<group>"; };
		3ED7A73C1A19E881000AD799 /* qqzone.png */ = {isa = PBXFileReference; lastKnownFileType = image.png; path = qqzone.png; sourceTree = "<group>"; };
		3ED7A73E1A19E893000AD799 /* qqzoneR.png */ = {isa = PBXFileReference; lastKnownFileType = image.png; path = qqzoneR.png; sourceTree = "<group>"; };
		3ED7A7401A19E89A000AD799 /* smsR.png */ = {isa = PBXFileReference; lastKnownFileType = image.png; path = smsR.png; sourceTree = "<group>"; };
/* End PBXFileReference section */

/* Begin PBXFrameworksBuildPhase section */
		3E12E29219FA56050067BEB2 /* Frameworks */ = {
			isa = PBXFrameworksBuildPhase;
			buildActionMask = 2147483647;
			files = (
				3E650D651A0B7DCC00BD5312 /* libz.dylib in Frameworks */,
				3ED7A71A1A19E697000AD799 /* TencentOpenAPI.framework in Frameworks */,
				3E12E32C19FA584B0067BEB2 /* SystemConfiguration.framework in Frameworks */,
				3E12E32A19FA58420067BEB2 /* CoreTelephony.framework in Frameworks */,
				3E12E32819FA582F0067BEB2 /* Accounts.framework in Frameworks */,
				3ED7A7251A19E697000AD799 /* libWeChatSDK.a in Frameworks */,
				3E12E32619FA58260067BEB2 /* Social.framework in Frameworks */,
				3ED7A7261A19E697000AD799 /* libWeiboSDK.a in Frameworks */,
				3ED7A7221A19E697000AD799 /* libShareComponent.a in Frameworks */,
				3ED7A73A1A19E697000AD799 /* YouTuiSDK.a in Frameworks */,
				3E12E32419FA581D0067BEB2 /* libstdc++.dylib in Frameworks */,
				3ED7A7281A19E697000AD799 /* libTCWeiboSDK.a in Frameworks */,
				3ED7A7241A19E697000AD799 /* RennSDK.framework in Frameworks */,
				3E12E32219FA58120067BEB2 /* libsqlite3.dylib in Frameworks */,
			);
			runOnlyForDeploymentPostprocessing = 0;
		};
		3E12E2AB19FA56050067BEB2 /* Frameworks */ = {
			isa = PBXFrameworksBuildPhase;
			buildActionMask = 2147483647;
			files = (
			);
			runOnlyForDeploymentPostprocessing = 0;
		};
/* End PBXFrameworksBuildPhase section */

/* Begin PBXGroup section */
		3E12E28C19FA56050067BEB2 = {
			isa = PBXGroup;
			children = (
				3ED7A6D91A19E697000AD799 /* youtuiShareSDK-ios-v1.0 */,
				3E8B015519FCD37500461D65 /* framework */,
				3E45413E1A1377AC002E075C /* youtuiShare-ios */,
				3E45414F1A1377AC002E075C /* youtuiShare-iosTests */,
				3E12E29619FA56050067BEB2 /* Products */,
			);
			sourceTree = "<group>";
		};
		3E12E29619FA56050067BEB2 /* Products */ = {
			isa = PBXGroup;
			children = (
				3E12E29519FA56050067BEB2 /* youtuiShare-ios.app */,
				3E12E2AE19FA56050067BEB2 /* youtuiShare-iosTests.xctest */,
			);
			name = Products;
			sourceTree = "<group>";
		};
		3E45413E1A1377AC002E075C /* youtuiShare-ios */ = {
			isa = PBXGroup;
			children = (
				3E45413F1A1377AC002E075C /* AppDelegate.h */,
				3E4541401A1377AC002E075C /* AppDelegate.m */,
				3E45414C1A1377AC002E075C /* ViewController.h */,
				3E45414D1A1377AC002E075C /* ViewController.m */,
				3E45414E1A1377AC002E075C /* ViewController.xib */,
				3E4541D61A13821D002E075C /* QQCallBack.h */,
				3E4541D71A13821D002E075C /* QQCallBack.m */,
				3E4541D81A13821D002E075C /* RennCallBack.h */,
				3E4541D91A13821D002E075C /* RennCallBack.m */,
				3E4541DA1A13821D002E075C /* SinaCallBack.h */,
				3E4541DB1A13821D002E075C /* SinaCallBack.m */,
				3E4541DC1A13821D002E075C /* TcWbCallBack.h */,
				3E4541DD1A13821D002E075C /* TcWbCallBack.m */,
				3E4541481A1377AC002E075C /* Header.h */,
				3E4541411A1377AC002E075C /* LaunchScreen.xib */,
				3E4541431A1377AC002E075C /* Main.storyboard */,
				3E4541491A1377AC002E075C /* Images.xcassets */,
				3E4541611A137C2A002E075C /* Supporting Files */,
			);
			path = "youtuiShare-ios";
			sourceTree = "<group>";
		};
		3E45414F1A1377AC002E075C /* youtuiShare-iosTests */ = {
			isa = PBXGroup;
			children = (
				3E4541501A1377AC002E075C /* Info.plist */,
				3E45415F1A1378D3002E075C /* youtuiShare-iosTests.m */,
			);
			path = "youtuiShare-iosTests";
			sourceTree = "<group>";
		};
		3E4541611A137C2A002E075C /* Supporting Files */ = {
			isa = PBXGroup;
			children = (
				3E45414A1A1377AC002E075C /* Info.plist */,
				3E4541451A1377AC002E075C /* Default-568h@2x.png */,
				3E4541461A1377AC002E075C /* Default.png */,
				3E4541471A1377AC002E075C /* Default@2x.png */,
				3E45414B1A1377AC002E075C /* main.m */,
			);
			name = "Supporting Files";
			path = ..;
			sourceTree = "<group>";
		};
		3E8B015519FCD37500461D65 /* framework */ = {
			isa = PBXGroup;
			children = (
				3E12E32B19FA584B0067BEB2 /* SystemConfiguration.framework */,
				3E12E32919FA58420067BEB2 /* CoreTelephony.framework */,
				3E12E32719FA582F0067BEB2 /* Accounts.framework */,
				3E12E32519FA58260067BEB2 /* Social.framework */,
				3E12E32319FA581D0067BEB2 /* libstdc++.dylib */,
				3E12E32119FA58120067BEB2 /* libsqlite3.dylib */,
				3E12E31F19FA57FD0067BEB2 /* libz.dylib */,
			);
			name = framework;
			sourceTree = "<group>";
		};
		3ED7A6D91A19E697000AD799 /* youtuiShareSDK-ios-v1.0 */ = {
			isa = PBXGroup;
			children = (
				3ED7A6DA1A19E697000AD799 /* lib */,
				3ED7A7021A19E697000AD799 /* YouTuiSDK_v1.0.0 */,
			);
			path = "youtuiShareSDK-ios-v1.0";
			sourceTree = "<group>";
		};
		3ED7A6DA1A19E697000AD799 /* lib */ = {
			isa = PBXGroup;
			children = (
				3ED7A6DB1A19E697000AD799 /* CustomSheetView */,
				3ED7A6E01A19E697000AD799 /* QQ */,
				3ED7A6E31A19E697000AD799 /* SBJson */,
				3ED7A6EF1A19E697000AD799 /* SecureUDID.h */,
				3ED7A6F01A19E697000AD799 /* SecureUDID.m */,
				3ED7A6F11A19E697000AD799 /* 人人 */,
				3ED7A6F61A19E697000AD799 /* 微信 */,
				3ED7A6FA1A19E697000AD799 /* 新浪微博 */,
				3ED7A6FE1A19E697000AD799 /* 腾讯微博 */,
			);
			path = lib;
			sourceTree = "<group>";
		};
		3ED7A6DB1A19E697000AD799 /* CustomSheetView */ = {
			isa = PBXGroup;
			children = (
				3ED7A6DC1A19E697000AD799 /* FreeGeekSheet.h */,
				3ED7A6DD1A19E697000AD799 /* FreeGeekSheet.m */,
				3ED7A6DE1A19E697000AD799 /* GiftTalkSheetView.h */,
				3ED7A6DF1A19E697000AD799 /* GiftTalkSheetView.m */,
			);
			path = CustomSheetView;
			sourceTree = "<group>";
		};
		3ED7A6E01A19E697000AD799 /* QQ */ = {
			isa = PBXGroup;
			children = (
				3ED7A6E11A19E697000AD799 /* TencentOpenAPI.framework */,
				3ED7A6E21A19E697000AD799 /* TencentOpenApi_IOS_Bundle.bundle */,
			);
			path = QQ;
			sourceTree = "<group>";
		};
		3ED7A6E31A19E697000AD799 /* SBJson */ = {
			isa = PBXGroup;
			children = (
				3ED7A6E41A19E697000AD799 /* JSON.h */,
				3ED7A6E51A19E697000AD799 /* NSObject+SBJSON.h */,
				3ED7A6E61A19E697000AD799 /* NSObject+SBJSON.m */,
				3ED7A6E71A19E697000AD799 /* NSString+SBJSON.h */,
				3ED7A6E81A19E697000AD799 /* NSString+SBJSON.m */,
				3ED7A6E91A19E697000AD799 /* SBJsonBase.h */,
				3ED7A6EA1A19E697000AD799 /* SBJsonBase.m */,
				3ED7A6EB1A19E697000AD799 /* SBJsonParser.h */,
				3ED7A6EC1A19E697000AD799 /* SBJsonParser.m */,
				3ED7A6ED1A19E697000AD799 /* SBJsonWriter.h */,
				3ED7A6EE1A19E697000AD799 /* SBJsonWriter.m */,
			);
			path = SBJson;
			sourceTree = "<group>";
		};
		3ED7A6F11A19E697000AD799 /* 人人 */ = {
			isa = PBXGroup;
			children = (
				3ED7A6F21A19E697000AD799 /* libShareComponent.a */,
				3ED7A6F31A19E697000AD799 /* RennSDK.bundle */,
				3ED7A6F41A19E697000AD799 /* RennSDK.framework */,
				3ED7A6F51A19E697000AD799 /* RennShareComponent.h */,
			);
			path = "人人";
			sourceTree = "<group>";
		};
		3ED7A6F61A19E697000AD799 /* 微信 */ = {
			isa = PBXGroup;
			children = (
				3ED7A6F71A19E697000AD799 /* libWeChatSDK.a */,
				3ED7A6F81A19E697000AD799 /* WXApi.h */,
				3ED7A6F91A19E697000AD799 /* WXApiObject.h */,
			);
			path = "微信";
			sourceTree = "<group>";
		};
		3ED7A6FA1A19E697000AD799 /* 新浪微博 */ = {
			isa = PBXGroup;
			children = (
				3ED7A6FB1A19E697000AD799 /* libWeiboSDK.a */,
				3ED7A6FC1A19E697000AD799 /* WeiboSDK.bundle */,
				3ED7A6FD1A19E697000AD799 /* WeiboSDK.h */,
			);
			path = "新浪微博";
			sourceTree = "<group>";
		};
		3ED7A6FE1A19E697000AD799 /* 腾讯微博 */ = {
			isa = PBXGroup;
			children = (
				3ED7A6FF1A19E697000AD799 /* libTCWeiboSDK.a */,
				3ED7A7001A19E697000AD799 /* WeiboApi.h */,
				3ED7A7011A19E697000AD799 /* WeiboApiObject.h */,
			);
			path = "腾讯微博";
			sourceTree = "<group>";
		};
		3ED7A7021A19E697000AD799 /* YouTuiSDK_v1.0.0 */ = {
			isa = PBXGroup;
			children = (
				3ED7A7031A19E697000AD799 /* image */,
				3ED7A7151A19E697000AD799 /* YouTuiSDK.a */,
				3ED7A7161A19E697000AD799 /* YouTuiSDK.h */,
				3ED7A7171A19E697000AD799 /* YouTuiSDK.m */,
			);
			path = YouTuiSDK_v1.0.0;
			sourceTree = "<group>";
		};
		3ED7A7031A19E697000AD799 /* image */ = {
			isa = PBXGroup;
			children = (
				3E65D8861A19F8AF00A17CBD /* cancel.png */,
				3ED7A7041A19E697000AD799 /* email.png */,
				3ED7A7051A19E697000AD799 /* head.png */,
				3ED7A7061A19E697000AD799 /* logo.png */,
				3ED7A7071A19E697000AD799 /* mark.png */,
				3ED7A7091A19E697000AD799 /* musicImage.png */,
				3ED7A7401A19E89A000AD799 /* smsR.png */,
				3ED7A70A1A19E697000AD799 /* qqR.png */,
				3ED7A73C1A19E881000AD799 /* qqzone.png */,
				3ED7A73E1A19E893000AD799 /* qqzoneR.png */,
				3ED7A70C1A19E697000AD799 /* refresh.png */,
				3ED7A70D1A19E697000AD799 /* rennR.png */,
				3ED7A70E1A19E697000AD799 /* sinaR.png */,
				3ED7A70F1A19E697000AD799 /* sms.png */,
				3ED7A7101A19E697000AD799 /* tcwbR.png */,
				3ED7A7131A19E697000AD799 /* wechatf.png */,
				3ED7A7141A19E697000AD799 /* wechatR.png */,
			);
			path = image;
			sourceTree = "<group>";
		};
/* End PBXGroup section */

/* Begin PBXNativeTarget section */
		3E12E29419FA56050067BEB2 /* youtuiShare-ios */ = {
			isa = PBXNativeTarget;
			buildConfigurationList = 3E12E2B819FA56050067BEB2 /* Build configuration list for PBXNativeTarget "youtuiShare-ios" */;
			buildPhases = (
				3E12E29119FA56050067BEB2 /* Sources */,
				3E12E29219FA56050067BEB2 /* Frameworks */,
				3E12E29319FA56050067BEB2 /* Resources */,
			);
			buildRules = (
			);
			dependencies = (
			);
			name = "youtuiShare-ios";
			productName = YoutuiSDKDemo;
			productReference = 3E12E29519FA56050067BEB2 /* youtuiShare-ios.app */;
			productType = "com.apple.product-type.application";
		};
		3E12E2AD19FA56050067BEB2 /* youtuiShare-iosTests */ = {
			isa = PBXNativeTarget;
			buildConfigurationList = 3E12E2BB19FA56050067BEB2 /* Build configuration list for PBXNativeTarget "youtuiShare-iosTests" */;
			buildPhases = (
				3E12E2AA19FA56050067BEB2 /* Sources */,
				3E12E2AB19FA56050067BEB2 /* Frameworks */,
				3E12E2AC19FA56050067BEB2 /* Resources */,
			);
			buildRules = (
			);
			dependencies = (
				3E12E2B019FA56050067BEB2 /* PBXTargetDependency */,
			);
			name = "youtuiShare-iosTests";
			productName = YoutuiSDKDemoTests;
			productReference = 3E12E2AE19FA56050067BEB2 /* youtuiShare-iosTests.xctest */;
			productType = "com.apple.product-type.bundle.unit-test";
		};
/* End PBXNativeTarget section */

/* Begin PBXProject section */
		3E12E28D19FA56050067BEB2 /* Project object */ = {
			isa = PBXProject;
			attributes = {
				LastUpgradeCheck = 0600;
				ORGANIZATIONNAME = FreeGeek;
				TargetAttributes = {
					3E12E29419FA56050067BEB2 = {
						CreatedOnToolsVersion = 6.0;
					};
					3E12E2AD19FA56050067BEB2 = {
						CreatedOnToolsVersion = 6.0;
						TestTargetID = 3E12E29419FA56050067BEB2;
					};
				};
			};
			buildConfigurationList = 3E12E29019FA56050067BEB2 /* Build configuration list for PBXProject "youtuiShare-ios" */;
			compatibilityVersion = "Xcode 3.2";
			developmentRegion = English;
			hasScannedForEncodings = 0;
			knownRegions = (
				en,
				Base,
			);
			mainGroup = 3E12E28C19FA56050067BEB2;
			productRefGroup = 3E12E29619FA56050067BEB2 /* Products */;
			projectDirPath = "";
			projectRoot = "";
			targets = (
				3E12E29419FA56050067BEB2 /* youtuiShare-ios */,
				3E12E2AD19FA56050067BEB2 /* youtuiShare-iosTests */,
			);
		};
/* End PBXProject section */

/* Begin PBXResourcesBuildPhase section */
		3E12E29319FA56050067BEB2 /* Resources */ = {
			isa = PBXResourcesBuildPhase;
			buildActionMask = 2147483647;
			files = (
				3ED7A72F1A19E697000AD799 /* qqR.png in Resources */,
				3ED7A7321A19E697000AD799 /* rennR.png in Resources */,
				3E4541571A1377AC002E075C /* Default@2x.png in Resources */,
				3E4541541A1377AC002E075C /* Main.storyboard in Resources */,
				3ED7A73F1A19E893000AD799 /* qqzoneR.png in Resources */,
				3E4541561A1377AC002E075C /* Default.png in Resources */,
				3E65D8871A19F8AF00A17CBD /* cancel.png in Resources */,
				3E4541581A1377AC002E075C /* Images.xcassets in Resources */,
				3E45415C1A1377AC002E075C /* ViewController.xib in Resources */,
				3ED7A7331A19E697000AD799 /* sinaR.png in Resources */,
				3ED7A7381A19E697000AD799 /* wechatf.png in Resources */,
				3ED7A72C1A19E697000AD799 /* mark.png in Resources */,
				3ED7A7351A19E697000AD799 /* tcwbR.png in Resources */,
				3ED7A7311A19E697000AD799 /* refresh.png in Resources */,
				3E4541531A1377AC002E075C /* LaunchScreen.xib in Resources */,
				3ED7A72E1A19E697000AD799 /* musicImage.png in Resources */,
				3ED7A7291A19E697000AD799 /* email.png in Resources */,
				3ED7A7231A19E697000AD799 /* RennSDK.bundle in Resources */,
				3ED7A7391A19E697000AD799 /* wechatR.png in Resources */,
				3ED7A7411A19E89A000AD799 /* smsR.png in Resources */,
				3E4541551A1377AC002E075C /* Default-568h@2x.png in Resources */,
				3ED7A71B1A19E697000AD799 /* TencentOpenApi_IOS_Bundle.bundle in Resources */,
				3ED7A72B1A19E697000AD799 /* logo.png in Resources */,
				3ED7A72A1A19E697000AD799 /* head.png in Resources */,
				3ED7A73D1A19E881000AD799 /* qqzone.png in Resources */,
				3ED7A7341A19E697000AD799 /* sms.png in Resources */,
				3ED7A7271A19E697000AD799 /* WeiboSDK.bundle in Resources */,
			);
			runOnlyForDeploymentPostprocessing = 0;
		};
		3E12E2AC19FA56050067BEB2 /* Resources */ = {
			isa = PBXResourcesBuildPhase;
			buildActionMask = 2147483647;
			files = (
			);
			runOnlyForDeploymentPostprocessing = 0;
		};
/* End PBXResourcesBuildPhase section */

/* Begin PBXSourcesBuildPhase section */
		3E12E29119FA56050067BEB2 /* Sources */ = {
			isa = PBXSourcesBuildPhase;
			buildActionMask = 2147483647;
			files = (
				3ED7A7211A19E697000AD799 /* SecureUDID.m in Sources */,
				3ED7A71C1A19E697000AD799 /* NSObject+SBJSON.m in Sources */,
				3ED7A71E1A19E697000AD799 /* SBJsonBase.m in Sources */,
				3E4541E01A13821D002E075C /* SinaCallBack.m in Sources */,
				3ED7A7181A19E697000AD799 /* FreeGeekSheet.m in Sources */,
				3ED7A71F1A19E697000AD799 /* SBJsonParser.m in Sources */,
				3E4541DE1A13821D002E075C /* QQCallBack.m in Sources */,
				3ED7A73B1A19E697000AD799 /* YouTuiSDK.m in Sources */,
				3E4541E11A13821D002E075C /* TcWbCallBack.m in Sources */,
				3ED7A7201A19E697000AD799 /* SBJsonWriter.m in Sources */,
				3E4541521A1377AC002E075C /* AppDelegate.m in Sources */,
				3E45415B1A1377AC002E075C /* ViewController.m in Sources */,
				3E4541DF1A13821D002E075C /* RennCallBack.m in Sources */,
				3ED7A7191A19E697000AD799 /* GiftTalkSheetView.m in Sources */,
				3E45415A1A1377AC002E075C /* main.m in Sources */,
				3ED7A71D1A19E697000AD799 /* NSString+SBJSON.m in Sources */,
			);
			runOnlyForDeploymentPostprocessing = 0;
		};
		3E12E2AA19FA56050067BEB2 /* Sources */ = {
			isa = PBXSourcesBuildPhase;
			buildActionMask = 2147483647;
			files = (
				3E4541601A1378D3002E075C /* youtuiShare-iosTests.m in Sources */,
			);
			runOnlyForDeploymentPostprocessing = 0;
		};
/* End PBXSourcesBuildPhase section */

/* Begin PBXTargetDependency section */
		3E12E2B019FA56050067BEB2 /* PBXTargetDependency */ = {
			isa = PBXTargetDependency;
			target = 3E12E29419FA56050067BEB2 /* youtuiShare-ios */;
			targetProxy = 3E12E2AF19FA56050067BEB2 /* PBXContainerItemProxy */;
		};
/* End PBXTargetDependency section */

/* Begin PBXVariantGroup section */
		3E4541411A1377AC002E075C /* LaunchScreen.xib */ = {
			isa = PBXVariantGroup;
			children = (
				3E4541421A1377AC002E075C /* Base */,
			);
			name = LaunchScreen.xib;
			sourceTree = "<group>";
		};
		3E4541431A1377AC002E075C /* Main.storyboard */ = {
			isa = PBXVariantGroup;
			children = (
				3E4541441A1377AC002E075C /* Base */,
			);
			name = Main.storyboard;
			sourceTree = "<group>";
		};
/* End PBXVariantGroup section */

/* Begin XCBuildConfiguration section */
		3E12E2B619FA56050067BEB2 /* Debug */ = {
			isa = XCBuildConfiguration;
			buildSettings = {
				ALWAYS_SEARCH_USER_PATHS = NO;
				CLANG_CXX_LANGUAGE_STANDARD = "gnu++0x";
				CLANG_CXX_LIBRARY = "libc++";
				CLANG_ENABLE_MODULES = YES;
				CLANG_ENABLE_OBJC_ARC = YES;
				CLANG_WARN_BOOL_CONVERSION = YES;
				CLANG_WARN_CONSTANT_CONVERSION = YES;
				CLANG_WARN_DIRECT_OBJC_ISA_USAGE = YES_ERROR;
				CLANG_WARN_EMPTY_BODY = YES;
				CLANG_WARN_ENUM_CONVERSION = YES;
				CLANG_WARN_INT_CONVERSION = YES;
				CLANG_WARN_OBJC_ROOT_CLASS = YES_ERROR;
				CLANG_WARN_UNREACHABLE_CODE = YES;
				CLANG_WARN__DUPLICATE_METHOD_MATCH = YES;
				"CODE_SIGN_IDENTITY[sdk=iphoneos*]" = "iPhone Developer";
				COPY_PHASE_STRIP = NO;
				ENABLE_STRICT_OBJC_MSGSEND = YES;
				GCC_C_LANGUAGE_STANDARD = gnu99;
				GCC_DYNAMIC_NO_PIC = NO;
				GCC_OPTIMIZATION_LEVEL = 0;
				GCC_PREPROCESSOR_DEFINITIONS = (
					"DEBUG=1",
					"$(inherited)",
				);
				GCC_SYMBOLS_PRIVATE_EXTERN = NO;
				GCC_WARN_64_TO_32_BIT_CONVERSION = YES;
				GCC_WARN_ABOUT_RETURN_TYPE = YES_ERROR;
				GCC_WARN_UNDECLARED_SELECTOR = YES;
				GCC_WARN_UNINITIALIZED_AUTOS = YES_AGGRESSIVE;
				GCC_WARN_UNUSED_FUNCTION = YES;
				GCC_WARN_UNUSED_VARIABLE = YES;
				IPHONEOS_DEPLOYMENT_TARGET = 7.0;
				MTL_ENABLE_DEBUG_INFO = YES;
				ONLY_ACTIVE_ARCH = YES;
				SDKROOT = iphoneos;
			};
			name = Debug;
		};
		3E12E2B719FA56050067BEB2 /* Release */ = {
			isa = XCBuildConfiguration;
			buildSettings = {
				ALWAYS_SEARCH_USER_PATHS = NO;
				CLANG_CXX_LANGUAGE_STANDARD = "gnu++0x";
				CLANG_CXX_LIBRARY = "libc++";
				CLANG_ENABLE_MODULES = YES;
				CLANG_ENABLE_OBJC_ARC = YES;
				CLANG_WARN_BOOL_CONVERSION = YES;
				CLANG_WARN_CONSTANT_CONVERSION = YES;
				CLANG_WARN_DIRECT_OBJC_ISA_USAGE = YES_ERROR;
				CLANG_WARN_EMPTY_BODY = YES;
				CLANG_WARN_ENUM_CONVERSION = YES;
				CLANG_WARN_INT_CONVERSION = YES;
				CLANG_WARN_OBJC_ROOT_CLASS = YES_ERROR;
				CLANG_WARN_UNREACHABLE_CODE = YES;
				CLANG_WARN__DUPLICATE_METHOD_MATCH = YES;
				"CODE_SIGN_IDENTITY[sdk=iphoneos*]" = "iPhone Developer";
				COPY_PHASE_STRIP = YES;
				ENABLE_NS_ASSERTIONS = NO;
				ENABLE_STRICT_OBJC_MSGSEND = YES;
				GCC_C_LANGUAGE_STANDARD = gnu99;
				GCC_WARN_64_TO_32_BIT_CONVERSION = YES;
				GCC_WARN_ABOUT_RETURN_TYPE = YES_ERROR;
				GCC_WARN_UNDECLARED_SELECTOR = YES;
				GCC_WARN_UNINITIALIZED_AUTOS = YES_AGGRESSIVE;
				GCC_WARN_UNUSED_FUNCTION = YES;
				GCC_WARN_UNUSED_VARIABLE = YES;
				IPHONEOS_DEPLOYMENT_TARGET = 7.0;
				MTL_ENABLE_DEBUG_INFO = NO;
				SDKROOT = iphoneos;
				VALIDATE_PRODUCT = YES;
			};
			name = Release;
		};
		3E12E2B919FA56050067BEB2 /* Debug */ = {
			isa = XCBuildConfiguration;
			buildSettings = {
				ARCHS = (
					"$(ARCHS_STANDARD)",
					armv7s,
				);
				ASSETCATALOG_COMPILER_APPICON_NAME = AppIcon;
				CODE_SIGN_IDENTITY = "iPhone Developer";
				FRAMEWORK_SEARCH_PATHS = (
					"$(PROJECT_DIR)/youtuiShareSDK-ios-v1.0/lib/QQ",
					"$(PROJECT_DIR)/youtuiShareSDK-ios-v1.0/lib/人人",
				);
				INFOPLIST_FILE = "youtuiShare-ios/Info.plist";
				IPHONEOS_DEPLOYMENT_TARGET = 7.0;
				LD_RUNPATH_SEARCH_PATHS = "$(inherited) @executable_path/Frameworks";
				LIBRARY_SEARCH_PATHS = (
					"$(PROJECT_DIR)/youtuiShareSDK-ios-v1.0/lib/人人",
					"$(PROJECT_DIR)/youtuiShareSDK-ios-v1.0/lib/微信",
					"$(PROJECT_DIR)/youtuiShareSDK-ios-v1.0/lib/新浪微博",
					"$(PROJECT_DIR)/youtuiShareSDK-ios-v1.0/lib/腾讯微博",
					"$(PROJECT_DIR)/youtuiShareSDK-ios-v1.0/YouTuiSDK_v1.0.0",
				);
				ONLY_ACTIVE_ARCH = NO;
				PRODUCT_NAME = "youtuiShare-ios";
				VALID_ARCHS = "armv7 armv7s";
			};
			name = Debug;
		};
		3E12E2BA19FA56050067BEB2 /* Release */ = {
			isa = XCBuildConfiguration;
			buildSettings = {
				ARCHS = (
					"$(ARCHS_STANDARD)",
					armv7s,
				);
				ASSETCATALOG_COMPILER_APPICON_NAME = AppIcon;
				CODE_SIGN_IDENTITY = "iPhone Distribution: steven li (LG5TU5PLEZ)";
				FRAMEWORK_SEARCH_PATHS = (
					"$(PROJECT_DIR)/youtuiShareSDK-ios-v1.0/lib/QQ",
					"$(PROJECT_DIR)/youtuiShareSDK-ios-v1.0/lib/人人",
				);
				INFOPLIST_FILE = "youtuiShare-ios/Info.plist";
				IPHONEOS_DEPLOYMENT_TARGET = 7.0;
				LD_RUNPATH_SEARCH_PATHS = "$(inherited) @executable_path/Frameworks";
				LIBRARY_SEARCH_PATHS = (
					"$(PROJECT_DIR)/youtuiShareSDK-ios-v1.0/lib/人人",
					"$(PROJECT_DIR)/youtuiShareSDK-ios-v1.0/lib/微信",
					"$(PROJECT_DIR)/youtuiShareSDK-ios-v1.0/lib/新浪微博",
					"$(PROJECT_DIR)/youtuiShareSDK-ios-v1.0/lib/腾讯微博",
					"$(PROJECT_DIR)/youtuiShareSDK-ios-v1.0/YouTuiSDK_v1.0.0",
				);
				ONLY_ACTIVE_ARCH = NO;
				PRODUCT_NAME = "youtuiShare-ios";
				VALID_ARCHS = "armv7 armv7s";
			};
			name = Release;
		};
		3E12E2BC19FA56050067BEB2 /* Debug */ = {
			isa = XCBuildConfiguration;
			buildSettings = {
				BUNDLE_LOADER = "$(TEST_HOST)";
				FRAMEWORK_SEARCH_PATHS = (
					"$(PROJECT_DIR)/youtuiShareSDK-ios-v1.0/lib/人人",
					"$(PROJECT_DIR)/youtuiShareSDK-ios-v1.0/lib/QQ",
				);
				GCC_PREPROCESSOR_DEFINITIONS = (
					"DEBUG=1",
					"$(inherited)",
				);
				INFOPLIST_FILE = "youtuiShare-iosTests/Info.plist";
				LD_RUNPATH_SEARCH_PATHS = "$(inherited) @executable_path/Frameworks @loader_path/Frameworks";
				LIBRARY_SEARCH_PATHS = (
					"$(PROJECT_DIR)/youtuiShareSDK-ios-v1.0/youtuiShareSDK-ios-v1.0",
					"$(PROJECT_DIR)/youtuiShareSDK-ios-v1.0/lib/腾讯微博",
					"$(PROJECT_DIR)/youtuiShareSDK-ios-v1.0/lib/新浪微博",
					"$(PROJECT_DIR)/youtuiShareSDK-ios-v1.0/lib/微信",
					"$(PROJECT_DIR)/youtuiShareSDK-ios-v1.0/lib/人人",
				);
				PRODUCT_NAME = "youtuiShare-iosTests";
				TEST_HOST = "$(BUILT_PRODUCTS_DIR)/YoutuiSDKDemo.app/YoutuiSDKDemo";
			};
			name = Debug;
		};
		3E12E2BD19FA56050067BEB2 /* Release */ = {
			isa = XCBuildConfiguration;
			buildSettings = {
				BUNDLE_LOADER = "$(TEST_HOST)";
				FRAMEWORK_SEARCH_PATHS = (
					"$(PROJECT_DIR)/youtuiShareSDK-ios-v1.0/lib/人人",
					"$(PROJECT_DIR)/youtuiShareSDK-ios-v1.0/lib/QQ",
				);
				INFOPLIST_FILE = "youtuiShare-iosTests/Info.plist";
				LD_RUNPATH_SEARCH_PATHS = "$(inherited) @executable_path/Frameworks @loader_path/Frameworks";
				LIBRARY_SEARCH_PATHS = (
					"$(PROJECT_DIR)/youtuiShareSDK-ios-v1.0/youtuiShareSDK-ios-v1.0",
					"$(PROJECT_DIR)/youtuiShareSDK-ios-v1.0/lib/腾讯微博",
					"$(PROJECT_DIR)/youtuiShareSDK-ios-v1.0/lib/新浪微博",
					"$(PROJECT_DIR)/youtuiShareSDK-ios-v1.0/lib/微信",
					"$(PROJECT_DIR)/youtuiShareSDK-ios-v1.0/lib/人人",
				);
				PRODUCT_NAME = "youtuiShare-iosTests";
				TEST_HOST = "$(BUILT_PRODUCTS_DIR)/YoutuiSDKDemo.app/YoutuiSDKDemo";
			};
			name = Release;
		};
/* End XCBuildConfiguration section */

/* Begin XCConfigurationList section */
		3E12E29019FA56050067BEB2 /* Build configuration list for PBXProject "youtuiShare-ios" */ = {
			isa = XCConfigurationList;
			buildConfigurations = (
				3E12E2B619FA56050067BEB2 /* Debug */,
				3E12E2B719FA56050067BEB2 /* Release */,
			);
			defaultConfigurationIsVisible = 0;
			defaultConfigurationName = Release;
		};
		3E12E2B819FA56050067BEB2 /* Build configuration list for PBXNativeTarget "youtuiShare-ios" */ = {
			isa = XCConfigurationList;
			buildConfigurations = (
				3E12E2B919FA56050067BEB2 /* Debug */,
				3E12E2BA19FA56050067BEB2 /* Release */,
			);
			defaultConfigurationIsVisible = 0;
			defaultConfigurationName = Release;
		};
		3E12E2BB19FA56050067BEB2 /* Build configuration list for PBXNativeTarget "youtuiShare-iosTests" */ = {
			isa = XCConfigurationList;
			buildConfigurations = (
				3E12E2BC19FA56050067BEB2 /* Debug */,
				3E12E2BD19FA56050067BEB2 /* Release */,
			);
			defaultConfigurationIsVisible = 0;
			defaultConfigurationName = Release;
		};
/* End XCConfigurationList section */
	};
	rootObject = 3E12E28D19FA56050067BEB2 /* Project object */;
}
