// !$*UTF8*$!
{
	archiveVersion = 1;
	classes = {
	};
	objectVersion = 46;
	objects = {

/* Begin PBXBuildFile section */
		3E12E32219FA58120067BEB2 /* libsqlite3.dylib in Frameworks */ = {isa = PBXBuildFile; fileRef = 3E12E32119FA58120067BEB2 /* libsqlite3.dylib */; };
		3E12E32419FA581D0067BEB2 /* libstdc++.dylib in Frameworks */ = {isa = PBXBuildFile; fileRef = 3E12E32319FA581D0067BEB2 /* libstdc++.dylib */; };
		3E12E32619FA58260067BEB2 /* Social.framework in Frameworks */ = {isa = PBXBuildFile; fileRef = 3E12E32519FA58260067BEB2 /* Social.framework */; };
		3E12E32819FA582F0067BEB2 /* Accounts.framework in Frameworks */ = {isa = PBXBuildFile; fileRef = 3E12E32719FA582F0067BEB2 /* Accounts.framework */; };
		3E12E32A19FA58420067BEB2 /* CoreTelephony.framework in Frameworks */ = {isa = PBXBuildFile; fileRef = 3E12E32919FA58420067BEB2 /* CoreTelephony.framework */; };
		3E12E32C19FA584B0067BEB2 /* SystemConfiguration.framework in Frameworks */ = {isa = PBXBuildFile; fileRef = 3E12E32B19FA584B0067BEB2 /* SystemConfiguration.framework */; };
		3E4541521A1377AC002E075C /* AppDelegate.m in Sources */ = {isa = PBXBuildFile; fileRef = 3E4541401A1377AC002E075C /* AppDelegate.m */; };
		3E4541531A1377AC002E075C /* LaunchScreen.xib in Resources */ = {isa = PBXBuildFile; fileRef = 3E4541411A1377AC002E075C /* LaunchScreen.xib */; };
		3E4541541A1377AC002E075C /* Main.storyboard in Resources */ = {isa = PBXBuildFile; fileRef = 3E4541431A1377AC002E075C /* Main.storyboard */; };
		3E4541551A1377AC002E075C /* Default-568h@2x.png in Resources */ = {isa = PBXBuildFile; fileRef = 3E4541451A1377AC002E075C /* Default-568h@2x.png */; };
		3E4541561A1377AC002E075C /* Default.png in Resources */ = {isa = PBXBuildFile; fileRef = 3E4541461A1377AC002E075C /* Default.png */; };
		3E4541571A1377AC002E075C /* Default@2x.png in Resources */ = {isa = PBXBuildFile; fileRef = 3E4541471A1377AC002E075C /* Default@2x.png */; };
		3E4541581A1377AC002E075C /* Images.xcassets in Resources */ = {isa = PBXBuildFile; fileRef = 3E4541491A1377AC002E075C /* Images.xcassets */; };
		3E4541591A1377AC002E075C /* Info.plist in Resources */ = {isa = PBXBuildFile; fileRef = 3E45414A1A1377AC002E075C /* Info.plist */; };
		3E45415A1A1377AC002E075C /* main.m in Sources */ = {isa = PBXBuildFile; fileRef = 3E45414B1A1377AC002E075C /* main.m */; };
		3E45415B1A1377AC002E075C /* ViewController.m in Sources */ = {isa = PBXBuildFile; fileRef = 3E45414D1A1377AC002E075C /* ViewController.m */; };
		3E45415C1A1377AC002E075C /* ViewController.xib in Resources */ = {isa = PBXBuildFile; fileRef = 3E45414E1A1377AC002E075C /* ViewController.xib */; };
		3E45415D1A1377AC002E075C /* Info.plist in Resources */ = {isa = PBXBuildFile; fileRef = 3E4541501A1377AC002E075C /* Info.plist */; };
		3E4541601A1378D3002E075C /* youtuiShare-iosTests.m in Sources */ = {isa = PBXBuildFile; fileRef = 3E45415F1A1378D3002E075C /* youtuiShare-iosTests.m */; };
		3E4541B01A137CF5002E075C /* FreeGeekSheet.m in Sources */ = {isa = PBXBuildFile; fileRef = 3E4541721A137CF5002E075C /* FreeGeekSheet.m */; };
		3E4541B11A137CF5002E075C /* LXActivity.m in Sources */ = {isa = PBXBuildFile; fileRef = 3E4541741A137CF5002E075C /* LXActivity.m */; };
		3E4541B21A137CF5002E075C /* MiddleActivity.m in Sources */ = {isa = PBXBuildFile; fileRef = 3E4541761A137CF5002E075C /* MiddleActivity.m */; };
		3E4541B31A137CF5002E075C /* TencentOpenAPI.framework in Frameworks */ = {isa = PBXBuildFile; fileRef = 3E4541781A137CF5002E075C /* TencentOpenAPI.framework */; };
		3E4541B41A137CF5002E075C /* TencentOpenApi_IOS_Bundle.bundle in Resources */ = {isa = PBXBuildFile; fileRef = 3E4541791A137CF5002E075C /* TencentOpenApi_IOS_Bundle.bundle */; };
		3E4541B51A137CF5002E075C /* NSObject+SBJSON.m in Sources */ = {isa = PBXBuildFile; fileRef = 3E45417D1A137CF5002E075C /* NSObject+SBJSON.m */; };
		3E4541B61A137CF5002E075C /* NSString+SBJSON.m in Sources */ = {isa = PBXBuildFile; fileRef = 3E45417F1A137CF5002E075C /* NSString+SBJSON.m */; };
		3E4541B71A137CF5002E075C /* SBJsonBase.m in Sources */ = {isa = PBXBuildFile; fileRef = 3E4541811A137CF5002E075C /* SBJsonBase.m */; };
		3E4541B81A137CF5002E075C /* SBJsonParser.m in Sources */ = {isa = PBXBuildFile; fileRef = 3E4541831A137CF5002E075C /* SBJsonParser.m */; };
		3E4541B91A137CF5002E075C /* SBJsonWriter.m in Sources */ = {isa = PBXBuildFile; fileRef = 3E4541851A137CF5002E075C /* SBJsonWriter.m */; };
		3E4541BA1A137CF5002E075C /* SecureUDID.m in Sources */ = {isa = PBXBuildFile; fileRef = 3E4541871A137CF5002E075C /* SecureUDID.m */; };
		3E4541BB1A137CF5002E075C /* libShareComponent.a in Frameworks */ = {isa = PBXBuildFile; fileRef = 3E4541891A137CF5002E075C /* libShareComponent.a */; };
		3E4541BC1A137CF6002E075C /* RennSDK.bundle in Resources */ = {isa = PBXBuildFile; fileRef = 3E45418A1A137CF5002E075C /* RennSDK.bundle */; };
		3E4541BD1A137CF6002E075C /* RennSDK.framework in Frameworks */ = {isa = PBXBuildFile; fileRef = 3E45418B1A137CF5002E075C /* RennSDK.framework */; };
		3E4541BE1A137CF6002E075C /* libWeChatSDK.a in Frameworks */ = {isa = PBXBuildFile; fileRef = 3E45418E1A137CF5002E075C /* libWeChatSDK.a */; };
		3E4541BF1A137CF6002E075C /* libWeiboSDK.a in Frameworks */ = {isa = PBXBuildFile; fileRef = 3E4541921A137CF5002E075C /* libWeiboSDK.a */; };
		3E4541C01A137CF6002E075C /* WeiboSDK.bundle in Resources */ = {isa = PBXBuildFile; fileRef = 3E4541931A137CF5002E075C /* WeiboSDK.bundle */; };
		3E4541C11A137CF6002E075C /* libTCWeiboSDK.a in Frameworks */ = {isa = PBXBuildFile; fileRef = 3E4541961A137CF5002E075C /* libTCWeiboSDK.a */; };
		3E4541C21A137CF6002E075C /* 2222.png in Resources */ = {isa = PBXBuildFile; fileRef = 3E45419B1A137CF5002E075C /* 2222.png */; };
		3E4541C31A137CF6002E075C /* cancel.png in Resources */ = {isa = PBXBuildFile; fileRef = 3E45419C1A137CF5002E075C /* cancel.png */; };
		3E4541C41A137CF6002E075C /* cancel2.png in Resources */ = {isa = PBXBuildFile; fileRef = 3E45419D1A137CF5002E075C /* cancel2.png */; };
		3E4541C51A137CF6002E075C /* cancel4.png in Resources */ = {isa = PBXBuildFile; fileRef = 3E45419E1A137CF5002E075C /* cancel4.png */; };
		3E4541C61A137CF6002E075C /* email@2x.png in Resources */ = {isa = PBXBuildFile; fileRef = 3E45419F1A137CF5002E075C /* email@2x.png */; };
		3E4541C71A137CF6002E075C /* fuzhilianjie.png in Resources */ = {isa = PBXBuildFile; fileRef = 3E4541A01A137CF5002E075C /* fuzhilianjie.png */; };
		3E4541C81A137CF6002E075C /* logo.png in Resources */ = {isa = PBXBuildFile; fileRef = 3E4541A11A137CF5002E075C /* logo.png */; };
		3E4541C91A137CF6002E075C /* musicImage.png in Resources */ = {isa = PBXBuildFile; fileRef = 3E4541A21A137CF5002E075C /* musicImage.png */; };
		3E4541CA1A137CF6002E075C /* qq.png in Resources */ = {isa = PBXBuildFile; fileRef = 3E4541A31A137CF5002E075C /* qq.png */; };
		3E4541CB1A137CF6002E075C /* qqzone.png in Resources */ = {isa = PBXBuildFile; fileRef = 3E4541A41A137CF5002E075C /* qqzone.png */; };
		3E4541CC1A137CF6002E075C /* refresh.png in Resources */ = {isa = PBXBuildFile; fileRef = 3E4541A51A137CF5002E075C /* refresh.png */; };
		3E4541CD1A137CF6002E075C /* renren.png in Resources */ = {isa = PBXBuildFile; fileRef = 3E4541A61A137CF5002E075C /* renren.png */; };
		3E4541CE1A137CF6002E075C /* sina.png in Resources */ = {isa = PBXBuildFile; fileRef = 3E4541A71A137CF5002E075C /* sina.png */; };
		3E4541CF1A137CF6002E075C /* sms.png in Resources */ = {isa = PBXBuildFile; fileRef = 3E4541A81A137CF5002E075C /* sms.png */; };
		3E4541D01A137CF6002E075C /* tcwb.png in Resources */ = {isa = PBXBuildFile; fileRef = 3E4541A91A137CF5002E075C /* tcwb.png */; };
		3E4541D11A137CF6002E075C /* tick1.png in Resources */ = {isa = PBXBuildFile; fileRef = 3E4541AA1A137CF5002E075C /* tick1.png */; };
		3E4541D21A137CF6002E075C /* tick2.png in Resources */ = {isa = PBXBuildFile; fileRef = 3E4541AB1A137CF5002E075C /* tick2.png */; };
		3E4541D31A137CF6002E075C /* wechat.png in Resources */ = {isa = PBXBuildFile; fileRef = 3E4541AC1A137CF5002E075C /* wechat.png */; };
		3E4541D41A137CF6002E075C /* wechatf.png in Resources */ = {isa = PBXBuildFile; fileRef = 3E4541AD1A137CF5002E075C /* wechatf.png */; };
		3E4541D51A137CF6002E075C /* YouTuiSDK.a in Frameworks */ = {isa = PBXBuildFile; fileRef = 3E4541AE1A137CF5002E075C /* YouTuiSDK.a */; };
		3E4541DE1A13821D002E075C /* QQCallBack.m in Sources */ = {isa = PBXBuildFile; fileRef = 3E4541D71A13821D002E075C /* QQCallBack.m */; };
		3E4541DF1A13821D002E075C /* RennCallBack.m in Sources */ = {isa = PBXBuildFile; fileRef = 3E4541D91A13821D002E075C /* RennCallBack.m */; };
		3E4541E01A13821D002E075C /* SinaCallBack.m in Sources */ = {isa = PBXBuildFile; fileRef = 3E4541DB1A13821D002E075C /* SinaCallBack.m */; };
		3E4541E11A13821D002E075C /* TcWbCallBack.m in Sources */ = {isa = PBXBuildFile; fileRef = 3E4541DD1A13821D002E075C /* TcWbCallBack.m */; };
		3E650D651A0B7DCC00BD5312 /* libz.dylib in Frameworks */ = {isa = PBXBuildFile; fileRef = 3E12E31F19FA57FD0067BEB2 /* libz.dylib */; };
/* End PBXBuildFile section */

/* Begin PBXContainerItemProxy section */
		3E12E2AF19FA56050067BEB2 /* PBXContainerItemProxy */ = {
			isa = PBXContainerItemProxy;
			containerPortal = 3E12E28D19FA56050067BEB2 /* Project object */;
			proxyType = 1;
			remoteGlobalIDString = 3E12E29419FA56050067BEB2;
			remoteInfo = YoutuiSDKDemo;
		};
/* End PBXContainerItemProxy section */

/* Begin PBXFileReference section */
		3E12E29519FA56050067BEB2 /* youtuiShare-ios.app */ = {isa = PBXFileReference; explicitFileType = wrapper.application; includeInIndex = 0; path = "youtuiShare-ios.app"; sourceTree = BUILT_PRODUCTS_DIR; };
		3E12E2AE19FA56050067BEB2 /* youtuiShare-iosTests.xctest */ = {isa = PBXFileReference; explicitFileType = wrapper.cfbundle; includeInIndex = 0; path = "youtuiShare-iosTests.xctest"; sourceTree = BUILT_PRODUCTS_DIR; };
		3E12E31F19FA57FD0067BEB2 /* libz.dylib */ = {isa = PBXFileReference; lastKnownFileType = "compiled.mach-o.dylib"; name = libz.dylib; path = usr/lib/libz.dylib; sourceTree = SDKROOT; };
		3E12E32119FA58120067BEB2 /* libsqlite3.dylib */ = {isa = PBXFileReference; lastKnownFileType = "compiled.mach-o.dylib"; name = libsqlite3.dylib; path = usr/lib/libsqlite3.dylib; sourceTree = SDKROOT; };
		3E12E32319FA581D0067BEB2 /* libstdc++.dylib */ = {isa = PBXFileReference; lastKnownFileType = "compiled.mach-o.dylib"; name = "libstdc++.dylib"; path = "usr/lib/libstdc++.dylib"; sourceTree = SDKROOT; };
		3E12E32519FA58260067BEB2 /* Social.framework */ = {isa = PBXFileReference; lastKnownFileType = wrapper.framework; name = Social.framework; path = System/Library/Frameworks/Social.framework; sourceTree = SDKROOT; };
		3E12E32719FA582F0067BEB2 /* Accounts.framework */ = {isa = PBXFileReference; lastKnownFileType = wrapper.framework; name = Accounts.framework; path = System/Library/Frameworks/Accounts.framework; sourceTree = SDKROOT; };
		3E12E32919FA58420067BEB2 /* CoreTelephony.framework */ = {isa = PBXFileReference; lastKnownFileType = wrapper.framework; name = CoreTelephony.framework; path = System/Library/Frameworks/CoreTelephony.framework; sourceTree = SDKROOT; };
		3E12E32B19FA584B0067BEB2 /* SystemConfiguration.framework */ = {isa = PBXFileReference; lastKnownFileType = wrapper.framework; name = SystemConfiguration.framework; path = System/Library/Frameworks/SystemConfiguration.framework; sourceTree = SDKROOT; };
		3E45413F1A1377AC002E075C /* AppDelegate.h */ = {isa = PBXFileReference; fileEncoding = 4; lastKnownFileType = sourcecode.c.h; path = AppDelegate.h; sourceTree = "<group>"; };
		3E4541401A1377AC002E075C /* AppDelegate.m */ = {isa = PBXFileReference; fileEncoding = 4; lastKnownFileType = sourcecode.c.objc; path = AppDelegate.m; sourceTree = "<group>"; };
		3E4541421A1377AC002E075C /* Base */ = {isa = PBXFileReference; lastKnownFileType = file.xib; name = Base; path = Base.lproj/LaunchScreen.xib; sourceTree = "<group>"; };
		3E4541441A1377AC002E075C /* Base */ = {isa = PBXFileReference; lastKnownFileType = file.storyboard; name = Base; path = Base.lproj/Main.storyboard; sourceTree = "<group>"; };
		3E4541451A1377AC002E075C /* Default-568h@2x.png */ = {isa = PBXFileReference; lastKnownFileType = image.png; name = "Default-568h@2x.png"; path = "youtuiShare-ios/Default-568h@2x.png"; sourceTree = "<group>"; };
		3E4541461A1377AC002E075C /* Default.png */ = {isa = PBXFileReference; lastKnownFileType = image.png; name = Default.png; path = "youtuiShare-ios/Default.png"; sourceTree = "<group>"; };
		3E4541471A1377AC002E075C /* Default@2x.png */ = {isa = PBXFileReference; lastKnownFileType = image.png; name = "Default@2x.png"; path = "youtuiShare-ios/Default@2x.png"; sourceTree = "<group>"; };
		3E4541481A1377AC002E075C /* Header.h */ = {isa = PBXFileReference; fileEncoding = 4; lastKnownFileType = sourcecode.c.h; path = Header.h; sourceTree = "<group>"; };
		3E4541491A1377AC002E075C /* Images.xcassets */ = {isa = PBXFileReference; lastKnownFileType = folder.assetcatalog; path = Images.xcassets; sourceTree = "<group>"; };
		3E45414A1A1377AC002E075C /* Info.plist */ = {isa = PBXFileReference; fileEncoding = 4; lastKnownFileType = text.plist.xml; name = Info.plist; path = "youtuiShare-ios/Info.plist"; sourceTree = "<group>"; };
		3E45414B1A1377AC002E075C /* main.m */ = {isa = PBXFileReference; fileEncoding = 4; lastKnownFileType = sourcecode.c.objc; name = main.m; path = "youtuiShare-ios/main.m"; sourceTree = "<group>"; };
		3E45414C1A1377AC002E075C /* ViewController.h */ = {isa = PBXFileReference; fileEncoding = 4; lastKnownFileType = sourcecode.c.h; path = ViewController.h; sourceTree = "<group>"; };
		3E45414D1A1377AC002E075C /* ViewController.m */ = {isa = PBXFileReference; fileEncoding = 4; lastKnownFileType = sourcecode.c.objc; path = ViewController.m; sourceTree = "<group>"; };
		3E45414E1A1377AC002E075C /* ViewController.xib */ = {isa = PBXFileReference; fileEncoding = 4; lastKnownFileType = file.xib; path = ViewController.xib; sourceTree = "<group>"; };
		3E4541501A1377AC002E075C /* Info.plist */ = {isa = PBXFileReference; fileEncoding = 4; lastKnownFileType = text.plist.xml; path = Info.plist; sourceTree = "<group>"; };
		3E45415F1A1378D3002E075C /* youtuiShare-iosTests.m */ = {isa = PBXFileReference; fileEncoding = 4; lastKnownFileType = sourcecode.c.objc; path = "youtuiShare-iosTests.m"; sourceTree = "<group>"; };
		3E4541711A137CF5002E075C /* FreeGeekSheet.h */ = {isa = PBXFileReference; fileEncoding = 4; lastKnownFileType = sourcecode.c.h; path = FreeGeekSheet.h; sourceTree = "<group>"; };
		3E4541721A137CF5002E075C /* FreeGeekSheet.m */ = {isa = PBXFileReference; fileEncoding = 4; lastKnownFileType = sourcecode.c.objc; path = FreeGeekSheet.m; sourceTree = "<group>"; };
		3E4541731A137CF5002E075C /* LXActivity.h */ = {isa = PBXFileReference; fileEncoding = 4; lastKnownFileType = sourcecode.c.h; path = LXActivity.h; sourceTree = "<group>"; };
		3E4541741A137CF5002E075C /* LXActivity.m */ = {isa = PBXFileReference; fileEncoding = 4; lastKnownFileType = sourcecode.c.objc; path = LXActivity.m; sourceTree = "<group>"; };
		3E4541751A137CF5002E075C /* MiddleActivity.h */ = {isa = PBXFileReference; fileEncoding = 4; lastKnownFileType = sourcecode.c.h; path = MiddleActivity.h; sourceTree = "<group>"; };
		3E4541761A137CF5002E075C /* MiddleActivity.m */ = {isa = PBXFileReference; fileEncoding = 4; lastKnownFileType = sourcecode.c.objc; path = MiddleActivity.m; sourceTree = "<group>"; };
		3E4541781A137CF5002E075C /* TencentOpenAPI.framework */ = {isa = PBXFileReference; lastKnownFileType = wrapper.framework; path = TencentOpenAPI.framework; sourceTree = "<group>"; };
		3E4541791A137CF5002E075C /* TencentOpenApi_IOS_Bundle.bundle */ = {isa = PBXFileReference; lastKnownFileType = "wrapper.plug-in"; path = TencentOpenApi_IOS_Bundle.bundle; sourceTree = "<group>"; };
		3E45417B1A137CF5002E075C /* JSON.h */ = {isa = PBXFileReference; fileEncoding = 4; lastKnownFileType = sourcecode.c.h; path = JSON.h; sourceTree = "<group>"; };
		3E45417C1A137CF5002E075C /* NSObject+SBJSON.h */ = {isa = PBXFileReference; fileEncoding = 4; lastKnownFileType = sourcecode.c.h; path = "NSObject+SBJSON.h"; sourceTree = "<group>"; };
		3E45417D1A137CF5002E075C /* NSObject+SBJSON.m */ = {isa = PBXFileReference; fileEncoding = 4; lastKnownFileType = sourcecode.c.objc; path = "NSObject+SBJSON.m"; sourceTree = "<group>"; };
		3E45417E1A137CF5002E075C /* NSString+SBJSON.h */ = {isa = PBXFileReference; fileEncoding = 4; lastKnownFileType = sourcecode.c.h; path = "NSString+SBJSON.h"; sourceTree = "<group>"; };
		3E45417F1A137CF5002E075C /* NSString+SBJSON.m */ = {isa = PBXFileReference; fileEncoding = 4; lastKnownFileType = sourcecode.c.objc; path = "NSString+SBJSON.m"; sourceTree = "<group>"; };
		3E4541801A137CF5002E075C /* SBJsonBase.h */ = {isa = PBXFileReference; fileEncoding = 4; lastKnownFileType = sourcecode.c.h; path = SBJsonBase.h; sourceTree = "<group>"; };
		3E4541811A137CF5002E075C /* SBJsonBase.m */ = {isa = PBXFileReference; fileEncoding = 4; lastKnownFileType = sourcecode.c.objc; path = SBJsonBase.m; sourceTree = "<group>"; };
		3E4541821A137CF5002E075C /* SBJsonParser.h */ = {isa = PBXFileReference; fileEncoding = 4; lastKnownFileType = sourcecode.c.h; path = SBJsonParser.h; sourceTree = "<group>"; };
		3E4541831A137CF5002E075C /* SBJsonParser.m */ = {isa = PBXFileReference; fileEncoding = 4; lastKnownFileType = sourcecode.c.objc; path = SBJsonParser.m; sourceTree = "<group>"; };
		3E4541841A137CF5002E075C /* SBJsonWriter.h */ = {isa = PBXFileReference; fileEncoding = 4; lastKnownFileType = sourcecode.c.h; path = SBJsonWriter.h; sourceTree = "<group>"; };
		3E4541851A137CF5002E075C /* SBJsonWriter.m */ = {isa = PBXFileReference; fileEncoding = 4; lastKnownFileType = sourcecode.c.objc; path = SBJsonWriter.m; sourceTree = "<group>"; };
		3E4541861A137CF5002E075C /* SecureUDID.h */ = {isa = PBXFileReference; fileEncoding = 4; lastKnownFileType = sourcecode.c.h; path = SecureUDID.h; sourceTree = "<group>"; };
		3E4541871A137CF5002E075C /* SecureUDID.m */ = {isa = PBXFileReference; fileEncoding = 4; lastKnownFileType = sourcecode.c.objc; path = SecureUDID.m; sourceTree = "<group>"; };
		3E4541891A137CF5002E075C /* libShareComponent.a */ = {isa = PBXFileReference; lastKnownFileType = archive.ar; path = libShareComponent.a; sourceTree = "<group>"; };
		3E45418A1A137CF5002E075C /* RennSDK.bundle */ = {isa = PBXFileReference; lastKnownFileType = "wrapper.plug-in"; path = RennSDK.bundle; sourceTree = "<group>"; };
		3E45418B1A137CF5002E075C /* RennSDK.framework */ = {isa = PBXFileReference; lastKnownFileType = wrapper.framework; path = RennSDK.framework; sourceTree = "<group>"; };
		3E45418C1A137CF5002E075C /* RennShareComponent.h */ = {isa = PBXFileReference; fileEncoding = 4; lastKnownFileType = sourcecode.c.h; path = RennShareComponent.h; sourceTree = "<group>"; };
		3E45418E1A137CF5002E075C /* libWeChatSDK.a */ = {isa = PBXFileReference; lastKnownFileType = archive.ar; path = libWeChatSDK.a; sourceTree = "<group>"; };
		3E45418F1A137CF5002E075C /* WXApi.h */ = {isa = PBXFileReference; fileEncoding = 4; lastKnownFileType = sourcecode.c.h; path = WXApi.h; sourceTree = "<group>"; };
		3E4541901A137CF5002E075C /* WXApiObject.h */ = {isa = PBXFileReference; fileEncoding = 4; lastKnownFileType = sourcecode.c.h; path = WXApiObject.h; sourceTree = "<group>"; };
		3E4541921A137CF5002E075C /* libWeiboSDK.a */ = {isa = PBXFileReference; lastKnownFileType = archive.ar; path = libWeiboSDK.a; sourceTree = "<group>"; };
		3E4541931A137CF5002E075C /* WeiboSDK.bundle */ = {isa = PBXFileReference; lastKnownFileType = "wrapper.plug-in"; path = WeiboSDK.bundle; sourceTree = "<group>"; };
		3E4541941A137CF5002E075C /* WeiboSDK.h */ = {isa = PBXFileReference; fileEncoding = 4; lastKnownFileType = sourcecode.c.h; path = WeiboSDK.h; sourceTree = "<group>"; };
		3E4541961A137CF5002E075C /* libTCWeiboSDK.a */ = {isa = PBXFileReference; lastKnownFileType = archive.ar; path = libTCWeiboSDK.a; sourceTree = "<group>"; };
		3E4541971A137CF5002E075C /* WeiboApi.h */ = {isa = PBXFileReference; fileEncoding = 4; lastKnownFileType = sourcecode.c.h; path = WeiboApi.h; sourceTree = "<group>"; };
		3E4541981A137CF5002E075C /* WeiboApiObject.h */ = {isa = PBXFileReference; fileEncoding = 4; lastKnownFileType = sourcecode.c.h; path = WeiboApiObject.h; sourceTree = "<group>"; };
		3E45419B1A137CF5002E075C /* 2222.png */ = {isa = PBXFileReference; lastKnownFileType = image.png; path = 2222.png; sourceTree = "<group>"; };
		3E45419C1A137CF5002E075C /* cancel.png */ = {isa = PBXFileReference; lastKnownFileType = image.png; path = cancel.png; sourceTree = "<group>"; };
		3E45419D1A137CF5002E075C /* cancel2.png */ = {isa = PBXFileReference; lastKnownFileType = image.png; path = cancel2.png; sourceTree = "<group>"; };
		3E45419E1A137CF5002E075C /* cancel4.png */ = {isa = PBXFileReference; lastKnownFileType = image.png; path = cancel4.png; sourceTree = "<group>"; };
		3E45419F1A137CF5002E075C /* email@2x.png */ = {isa = PBXFileReference; lastKnownFileType = image.png; path = "email@2x.png"; sourceTree = "<group>"; };
		3E4541A01A137CF5002E075C /* fuzhilianjie.png */ = {isa = PBXFileReference; lastKnownFileType = image.png; path = fuzhilianjie.png; sourceTree = "<group>"; };
		3E4541A11A137CF5002E075C /* logo.png */ = {isa = PBXFileReference; lastKnownFileType = image.png; path = logo.png; sourceTree = "<group>"; };
		3E4541A21A137CF5002E075C /* musicImage.png */ = {isa = PBXFileReference; lastKnownFileType = image.png; path = musicImage.png; sourceTree = "<group>"; };
		3E4541A31A137CF5002E075C /* qq.png */ = {isa = PBXFileReference; lastKnownFileType = image.png; path = qq.png; sourceTree = "<group>"; };
		3E4541A41A137CF5002E075C /* qqzone.png */ = {isa = PBXFileReference; lastKnownFileType = image.png; path = qqzone.png; sourceTree = "<group>"; };
		3E4541A51A137CF5002E075C /* refresh.png */ = {isa = PBXFileReference; lastKnownFileType = image.png; path = refresh.png; sourceTree = "<group>"; };
		3E4541A61A137CF5002E075C /* renren.png */ = {isa = PBXFileReference; lastKnownFileType = image.png; path = renren.png; sourceTree = "<group>"; };
		3E4541A71A137CF5002E075C /* sina.png */ = {isa = PBXFileReference; lastKnownFileType = image.png; path = sina.png; sourceTree = "<group>"; };
		3E4541A81A137CF5002E075C /* sms.png */ = {isa = PBXFileReference; lastKnownFileType = image.png; path = sms.png; sourceTree = "<group>"; };
		3E4541A91A137CF5002E075C /* tcwb.png */ = {isa = PBXFileReference; lastKnownFileType = image.png; path = tcwb.png; sourceTree = "<group>"; };
		3E4541AA1A137CF5002E075C /* tick1.png */ = {isa = PBXFileReference; lastKnownFileType = image.png; path = tick1.png; sourceTree = "<group>"; };
		3E4541AB1A137CF5002E075C /* tick2.png */ = {isa = PBXFileReference; lastKnownFileType = image.png; path = tick2.png; sourceTree = "<group>"; };
		3E4541AC1A137CF5002E075C /* wechat.png */ = {isa = PBXFileReference; lastKnownFileType = image.png; path = wechat.png; sourceTree = "<group>"; };
		3E4541AD1A137CF5002E075C /* wechatf.png */ = {isa = PBXFileReference; lastKnownFileType = image.png; path = wechatf.png; sourceTree = "<group>"; };
		3E4541AE1A137CF5002E075C /* YouTuiSDK.a */ = {isa = PBXFileReference; lastKnownFileType = archive.ar; path = YouTuiSDK.a; sourceTree = "<group>"; };
		3E4541AF1A137CF5002E075C /* YouTuiSDK.h */ = {isa = PBXFileReference; fileEncoding = 4; lastKnownFileType = sourcecode.c.h; path = YouTuiSDK.h; sourceTree = "<group>"; };
		3E4541D61A13821D002E075C /* QQCallBack.h */ = {isa = PBXFileReference; fileEncoding = 4; lastKnownFileType = sourcecode.c.h; path = QQCallBack.h; sourceTree = "<group>"; };
		3E4541D71A13821D002E075C /* QQCallBack.m */ = {isa = PBXFileReference; fileEncoding = 4; lastKnownFileType = sourcecode.c.objc; path = QQCallBack.m; sourceTree = "<group>"; };
		3E4541D81A13821D002E075C /* RennCallBack.h */ = {isa = PBXFileReference; fileEncoding = 4; lastKnownFileType = sourcecode.c.h; path = RennCallBack.h; sourceTree = "<group>"; };
		3E4541D91A13821D002E075C /* RennCallBack.m */ = {isa = PBXFileReference; fileEncoding = 4; lastKnownFileType = sourcecode.c.objc; path = RennCallBack.m; sourceTree = "<group>"; };
		3E4541DA1A13821D002E075C /* SinaCallBack.h */ = {isa = PBXFileReference; fileEncoding = 4; lastKnownFileType = sourcecode.c.h; path = SinaCallBack.h; sourceTree = "<group>"; };
		3E4541DB1A13821D002E075C /* SinaCallBack.m */ = {isa = PBXFileReference; fileEncoding = 4; lastKnownFileType = sourcecode.c.objc; path = SinaCallBack.m; sourceTree = "<group>"; };
		3E4541DC1A13821D002E075C /* TcWbCallBack.h */ = {isa = PBXFileReference; fileEncoding = 4; lastKnownFileType = sourcecode.c.h; path = TcWbCallBack.h; sourceTree = "<group>"; };
		3E4541DD1A13821D002E075C /* TcWbCallBack.m */ = {isa = PBXFileReference; fileEncoding = 4; lastKnownFileType = sourcecode.c.objc; path = TcWbCallBack.m; sourceTree = "<group>"; };
/* End PBXFileReference section */

/* Begin PBXFrameworksBuildPhase section */
		3E12E29219FA56050067BEB2 /* Frameworks */ = {
			isa = PBXFrameworksBuildPhase;
			buildActionMask = 2147483647;
			files = (
				3E650D651A0B7DCC00BD5312 /* libz.dylib in Frameworks */,
				3E4541B31A137CF5002E075C /* TencentOpenAPI.framework in Frameworks */,
				3E12E32C19FA584B0067BEB2 /* SystemConfiguration.framework in Frameworks */,
				3E12E32A19FA58420067BEB2 /* CoreTelephony.framework in Frameworks */,
				3E12E32819FA582F0067BEB2 /* Accounts.framework in Frameworks */,
				3E4541BE1A137CF6002E075C /* libWeChatSDK.a in Frameworks */,
				3E12E32619FA58260067BEB2 /* Social.framework in Frameworks */,
				3E4541BF1A137CF6002E075C /* libWeiboSDK.a in Frameworks */,
				3E4541BB1A137CF5002E075C /* libShareComponent.a in Frameworks */,
				3E4541D51A137CF6002E075C /* YouTuiSDK.a in Frameworks */,
				3E12E32419FA581D0067BEB2 /* libstdc++.dylib in Frameworks */,
				3E4541C11A137CF6002E075C /* libTCWeiboSDK.a in Frameworks */,
				3E4541BD1A137CF6002E075C /* RennSDK.framework in Frameworks */,
				3E12E32219FA58120067BEB2 /* libsqlite3.dylib in Frameworks */,
			);
			runOnlyForDeploymentPostprocessing = 0;
		};
		3E12E2AB19FA56050067BEB2 /* Frameworks */ = {
			isa = PBXFrameworksBuildPhase;
			buildActionMask = 2147483647;
			files = (
			);
			runOnlyForDeploymentPostprocessing = 0;
		};
/* End PBXFrameworksBuildPhase section */

/* Begin PBXGroup section */
		3E12E28C19FA56050067BEB2 = {
			isa = PBXGroup;
			children = (
				3E45416E1A137CF5002E075C /* youtuiShareSDK-ios-v1.0 */,
				3E8B015519FCD37500461D65 /* framework */,
				3E45413E1A1377AC002E075C /* youtuiShare-ios */,
				3E45414F1A1377AC002E075C /* youtuiShare-iosTests */,
				3E12E29619FA56050067BEB2 /* Products */,
			);
			sourceTree = "<group>";
		};
		3E12E29619FA56050067BEB2 /* Products */ = {
			isa = PBXGroup;
			children = (
				3E12E29519FA56050067BEB2 /* youtuiShare-ios.app */,
				3E12E2AE19FA56050067BEB2 /* youtuiShare-iosTests.xctest */,
			);
			name = Products;
			sourceTree = "<group>";
		};
		3E45413E1A1377AC002E075C /* youtuiShare-ios */ = {
			isa = PBXGroup;
			children = (
				3E45413F1A1377AC002E075C /* AppDelegate.h */,
				3E4541401A1377AC002E075C /* AppDelegate.m */,
				3E45414C1A1377AC002E075C /* ViewController.h */,
				3E45414D1A1377AC002E075C /* ViewController.m */,
				3E45414E1A1377AC002E075C /* ViewController.xib */,
				3E4541D61A13821D002E075C /* QQCallBack.h */,
				3E4541D71A13821D002E075C /* QQCallBack.m */,
				3E4541D81A13821D002E075C /* RennCallBack.h */,
				3E4541D91A13821D002E075C /* RennCallBack.m */,
				3E4541DA1A13821D002E075C /* SinaCallBack.h */,
				3E4541DB1A13821D002E075C /* SinaCallBack.m */,
				3E4541DC1A13821D002E075C /* TcWbCallBack.h */,
				3E4541DD1A13821D002E075C /* TcWbCallBack.m */,
				3E4541481A1377AC002E075C /* Header.h */,
				3E4541411A1377AC002E075C /* LaunchScreen.xib */,
				3E4541431A1377AC002E075C /* Main.storyboard */,
				3E4541491A1377AC002E075C /* Images.xcassets */,
				3E4541611A137C2A002E075C /* Supporting Files */,
			);
			path = "youtuiShare-ios";
			sourceTree = "<group>";
		};
		3E45414F1A1377AC002E075C /* youtuiShare-iosTests */ = {
			isa = PBXGroup;
			children = (
				3E4541501A1377AC002E075C /* Info.plist */,
				3E45415F1A1378D3002E075C /* youtuiShare-iosTests.m */,
			);
			path = "youtuiShare-iosTests";
			sourceTree = "<group>";
		};
		3E4541611A137C2A002E075C /* Supporting Files */ = {
			isa = PBXGroup;
			children = (
				3E45414A1A1377AC002E075C /* Info.plist */,
				3E4541451A1377AC002E075C /* Default-568h@2x.png */,
				3E4541461A1377AC002E075C /* Default.png */,
				3E4541471A1377AC002E075C /* Default@2x.png */,
				3E45414B1A1377AC002E075C /* main.m */,
			);
			name = "Supporting Files";
			path = ..;
			sourceTree = "<group>";
		};
		3E45416E1A137CF5002E075C /* youtuiShareSDK-ios-v1.0 */ = {
			isa = PBXGroup;
			children = (
				3E45416F1A137CF5002E075C /* lib */,
				3E4541991A137CF5002E075C /* YouTuiSDK_v1.0.0 */,
			);
			path = "youtuiShareSDK-ios-v1.0";
			sourceTree = "<group>";
		};
		3E45416F1A137CF5002E075C /* lib */ = {
			isa = PBXGroup;
			children = (
				3E4541701A137CF5002E075C /* LXActivity */,
				3E4541771A137CF5002E075C /* QQ */,
				3E45417A1A137CF5002E075C /* SBJson */,
				3E4541861A137CF5002E075C /* SecureUDID.h */,
				3E4541871A137CF5002E075C /* SecureUDID.m */,
				3E4541881A137CF5002E075C /* 人人 */,
				3E45418D1A137CF5002E075C /* 微信 */,
				3E4541911A137CF5002E075C /* 新浪微博 */,
				3E4541951A137CF5002E075C /* 腾讯微博 */,
			);
			path = lib;
			sourceTree = "<group>";
		};
		3E4541701A137CF5002E075C /* LXActivity */ = {
			isa = PBXGroup;
			children = (
				3E4541711A137CF5002E075C /* FreeGeekSheet.h */,
				3E4541721A137CF5002E075C /* FreeGeekSheet.m */,
				3E4541731A137CF5002E075C /* LXActivity.h */,
				3E4541741A137CF5002E075C /* LXActivity.m */,
				3E4541751A137CF5002E075C /* MiddleActivity.h */,
				3E4541761A137CF5002E075C /* MiddleActivity.m */,
			);
			path = LXActivity;
			sourceTree = "<group>";
		};
		3E4541771A137CF5002E075C /* QQ */ = {
			isa = PBXGroup;
			children = (
				3E4541781A137CF5002E075C /* TencentOpenAPI.framework */,
				3E4541791A137CF5002E075C /* TencentOpenApi_IOS_Bundle.bundle */,
			);
			path = QQ;
			sourceTree = "<group>";
		};
		3E45417A1A137CF5002E075C /* SBJson */ = {
			isa = PBXGroup;
			children = (
				3E45417B1A137CF5002E075C /* JSON.h */,
				3E45417C1A137CF5002E075C /* NSObject+SBJSON.h */,
				3E45417D1A137CF5002E075C /* NSObject+SBJSON.m */,
				3E45417E1A137CF5002E075C /* NSString+SBJSON.h */,
				3E45417F1A137CF5002E075C /* NSString+SBJSON.m */,
				3E4541801A137CF5002E075C /* SBJsonBase.h */,
				3E4541811A137CF5002E075C /* SBJsonBase.m */,
				3E4541821A137CF5002E075C /* SBJsonParser.h */,
				3E4541831A137CF5002E075C /* SBJsonParser.m */,
				3E4541841A137CF5002E075C /* SBJsonWriter.h */,
				3E4541851A137CF5002E075C /* SBJsonWriter.m */,
			);
			path = SBJson;
			sourceTree = "<group>";
		};
		3E4541881A137CF5002E075C /* 人人 */ = {
			isa = PBXGroup;
			children = (
				3E4541891A137CF5002E075C /* libShareComponent.a */,
				3E45418A1A137CF5002E075C /* RennSDK.bundle */,
				3E45418B1A137CF5002E075C /* RennSDK.framework */,
				3E45418C1A137CF5002E075C /* RennShareComponent.h */,
			);
			path = "人人";
			sourceTree = "<group>";
		};
		3E45418D1A137CF5002E075C /* 微信 */ = {
			isa = PBXGroup;
			children = (
				3E45418E1A137CF5002E075C /* libWeChatSDK.a */,
				3E45418F1A137CF5002E075C /* WXApi.h */,
				3E4541901A137CF5002E075C /* WXApiObject.h */,
			);
			path = "微信";
			sourceTree = "<group>";
		};
		3E4541911A137CF5002E075C /* 新浪微博 */ = {
			isa = PBXGroup;
			children = (
				3E4541921A137CF5002E075C /* libWeiboSDK.a */,
				3E4541931A137CF5002E075C /* WeiboSDK.bundle */,
				3E4541941A137CF5002E075C /* WeiboSDK.h */,
			);
			path = "新浪微博";
			sourceTree = "<group>";
		};
		3E4541951A137CF5002E075C /* 腾讯微博 */ = {
			isa = PBXGroup;
			children = (
				3E4541961A137CF5002E075C /* libTCWeiboSDK.a */,
				3E4541971A137CF5002E075C /* WeiboApi.h */,
				3E4541981A137CF5002E075C /* WeiboApiObject.h */,
			);
			path = "腾讯微博";
			sourceTree = "<group>";
		};
		3E4541991A137CF5002E075C /* YouTuiSDK_v1.0.0 */ = {
			isa = PBXGroup;
			children = (
				3E45419A1A137CF5002E075C /* image */,
				3E4541AE1A137CF5002E075C /* YouTuiSDK.a */,
				3E4541AF1A137CF5002E075C /* YouTuiSDK.h */,
			);
			path = YouTuiSDK_v1.0.0;
			sourceTree = "<group>";
		};
		3E45419A1A137CF5002E075C /* image */ = {
			isa = PBXGroup;
			children = (
				3E45419B1A137CF5002E075C /* 2222.png */,
				3E45419C1A137CF5002E075C /* cancel.png */,
				3E45419D1A137CF5002E075C /* cancel2.png */,
				3E45419E1A137CF5002E075C /* cancel4.png */,
				3E45419F1A137CF5002E075C /* email@2x.png */,
				3E4541A01A137CF5002E075C /* fuzhilianjie.png */,
				3E4541A11A137CF5002E075C /* logo.png */,
				3E4541A21A137CF5002E075C /* musicImage.png */,
				3E4541A31A137CF5002E075C /* qq.png */,
				3E4541A41A137CF5002E075C /* qqzone.png */,
				3E4541A51A137CF5002E075C /* refresh.png */,
				3E4541A61A137CF5002E075C /* renren.png */,
				3E4541A71A137CF5002E075C /* sina.png */,
				3E4541A81A137CF5002E075C /* sms.png */,
				3E4541A91A137CF5002E075C /* tcwb.png */,
				3E4541AA1A137CF5002E075C /* tick1.png */,
				3E4541AB1A137CF5002E075C /* tick2.png */,
				3E4541AC1A137CF5002E075C /* wechat.png */,
				3E4541AD1A137CF5002E075C /* wechatf.png */,
			);
			path = image;
			sourceTree = "<group>";
		};
		3E8B015519FCD37500461D65 /* framework */ = {
			isa = PBXGroup;
			children = (
				3E12E32B19FA584B0067BEB2 /* SystemConfiguration.framework */,
				3E12E32919FA58420067BEB2 /* CoreTelephony.framework */,
				3E12E32719FA582F0067BEB2 /* Accounts.framework */,
				3E12E32519FA58260067BEB2 /* Social.framework */,
				3E12E32319FA581D0067BEB2 /* libstdc++.dylib */,
				3E12E32119FA58120067BEB2 /* libsqlite3.dylib */,
				3E12E31F19FA57FD0067BEB2 /* libz.dylib */,
			);
			name = framework;
			sourceTree = "<group>";
		};
/* End PBXGroup section */

/* Begin PBXNativeTarget section */
		3E12E29419FA56050067BEB2 /* youtuiShare-ios */ = {
			isa = PBXNativeTarget;
			buildConfigurationList = 3E12E2B819FA56050067BEB2 /* Build configuration list for PBXNativeTarget "youtuiShare-ios" */;
			buildPhases = (
				3E12E29119FA56050067BEB2 /* Sources */,
				3E12E29219FA56050067BEB2 /* Frameworks */,
				3E12E29319FA56050067BEB2 /* Resources */,
			);
			buildRules = (
			);
			dependencies = (
			);
			name = "youtuiShare-ios";
			productName = YoutuiSDKDemo;
			productReference = 3E12E29519FA56050067BEB2 /* youtuiShare-ios.app */;
			productType = "com.apple.product-type.application";
		};
		3E12E2AD19FA56050067BEB2 /* youtuiShare-iosTests */ = {
			isa = PBXNativeTarget;
			buildConfigurationList = 3E12E2BB19FA56050067BEB2 /* Build configuration list for PBXNativeTarget "youtuiShare-iosTests" */;
			buildPhases = (
				3E12E2AA19FA56050067BEB2 /* Sources */,
				3E12E2AB19FA56050067BEB2 /* Frameworks */,
				3E12E2AC19FA56050067BEB2 /* Resources */,
			);
			buildRules = (
			);
			dependencies = (
				3E12E2B019FA56050067BEB2 /* PBXTargetDependency */,
			);
			name = "youtuiShare-iosTests";
			productName = YoutuiSDKDemoTests;
			productReference = 3E12E2AE19FA56050067BEB2 /* youtuiShare-iosTests.xctest */;
			productType = "com.apple.product-type.bundle.unit-test";
		};
/* End PBXNativeTarget section */

/* Begin PBXProject section */
		3E12E28D19FA56050067BEB2 /* Project object */ = {
			isa = PBXProject;
			attributes = {
				LastUpgradeCheck = 0600;
				ORGANIZATIONNAME = FreeGeek;
				TargetAttributes = {
					3E12E29419FA56050067BEB2 = {
						CreatedOnToolsVersion = 6.0;
					};
					3E12E2AD19FA56050067BEB2 = {
						CreatedOnToolsVersion = 6.0;
						TestTargetID = 3E12E29419FA56050067BEB2;
					};
				};
			};
			buildConfigurationList = 3E12E29019FA56050067BEB2 /* Build configuration list for PBXProject "youtuiShare-ios" */;
			compatibilityVersion = "Xcode 3.2";
			developmentRegion = English;
			hasScannedForEncodings = 0;
			knownRegions = (
				en,
				Base,
			);
			mainGroup = 3E12E28C19FA56050067BEB2;
			productRefGroup = 3E12E29619FA56050067BEB2 /* Products */;
			projectDirPath = "";
			projectRoot = "";
			targets = (
				3E12E29419FA56050067BEB2 /* youtuiShare-ios */,
				3E12E2AD19FA56050067BEB2 /* youtuiShare-iosTests */,
			);
		};
/* End PBXProject section */

/* Begin PBXResourcesBuildPhase section */
		3E12E29319FA56050067BEB2 /* Resources */ = {
			isa = PBXResourcesBuildPhase;
			buildActionMask = 2147483647;
			files = (
				3E4541571A1377AC002E075C /* Default@2x.png in Resources */,
				3E4541CA1A137CF6002E075C /* qq.png in Resources */,
				3E4541D01A137CF6002E075C /* tcwb.png in Resources */,
				3E4541C21A137CF6002E075C /* 2222.png in Resources */,
				3E4541C61A137CF6002E075C /* email@2x.png in Resources */,
				3E4541C71A137CF6002E075C /* fuzhilianjie.png in Resources */,
				3E4541541A1377AC002E075C /* Main.storyboard in Resources */,
				3E4541561A1377AC002E075C /* Default.png in Resources */,
				3E4541CD1A137CF6002E075C /* renren.png in Resources */,
				3E4541581A1377AC002E075C /* Images.xcassets in Resources */,
				3E4541D41A137CF6002E075C /* wechatf.png in Resources */,
				3E4541C41A137CF6002E075C /* cancel2.png in Resources */,
				3E45415C1A1377AC002E075C /* ViewController.xib in Resources */,
				3E4541CE1A137CF6002E075C /* sina.png in Resources */,
				3E4541D31A137CF6002E075C /* wechat.png in Resources */,
				3E4541C91A137CF6002E075C /* musicImage.png in Resources */,
				3E4541591A1377AC002E075C /* Info.plist in Resources */,
				3E4541C51A137CF6002E075C /* cancel4.png in Resources */,
				3E4541D11A137CF6002E075C /* tick1.png in Resources */,
				3E4541531A1377AC002E075C /* LaunchScreen.xib in Resources */,
				3E4541D21A137CF6002E075C /* tick2.png in Resources */,
				3E4541C81A137CF6002E075C /* logo.png in Resources */,
				3E4541CF1A137CF6002E075C /* sms.png in Resources */,
				3E4541CB1A137CF6002E075C /* qqzone.png in Resources */,
				3E4541BC1A137CF6002E075C /* RennSDK.bundle in Resources */,
				3E4541C31A137CF6002E075C /* cancel.png in Resources */,
				3E4541551A1377AC002E075C /* Default-568h@2x.png in Resources */,
				3E4541B41A137CF5002E075C /* TencentOpenApi_IOS_Bundle.bundle in Resources */,
				3E45415D1A1377AC002E075C /* Info.plist in Resources */,
				3E4541C01A137CF6002E075C /* WeiboSDK.bundle in Resources */,
				3E4541CC1A137CF6002E075C /* refresh.png in Resources */,
			);
			runOnlyForDeploymentPostprocessing = 0;
		};
		3E12E2AC19FA56050067BEB2 /* Resources */ = {
			isa = PBXResourcesBuildPhase;
			buildActionMask = 2147483647;
			files = (
			);
			runOnlyForDeploymentPostprocessing = 0;
		};
/* End PBXResourcesBuildPhase section */

/* Begin PBXSourcesBuildPhase section */
		3E12E29119FA56050067BEB2 /* Sources */ = {
			isa = PBXSourcesBuildPhase;
			buildActionMask = 2147483647;
			files = (
				3E4541E01A13821D002E075C /* SinaCallBack.m in Sources */,
				3E4541B91A137CF5002E075C /* SBJsonWriter.m in Sources */,
				3E4541B01A137CF5002E075C /* FreeGeekSheet.m in Sources */,
				3E4541BA1A137CF5002E075C /* SecureUDID.m in Sources */,
				3E4541DE1A13821D002E075C /* QQCallBack.m in Sources */,
				3E4541B71A137CF5002E075C /* SBJsonBase.m in Sources */,
				3E4541E11A13821D002E075C /* TcWbCallBack.m in Sources */,
				3E4541521A1377AC002E075C /* AppDelegate.m in Sources */,
				3E4541B51A137CF5002E075C /* NSObject+SBJSON.m in Sources */,
				3E4541B81A137CF5002E075C /* SBJsonParser.m in Sources */,
				3E45415B1A1377AC002E075C /* ViewController.m in Sources */,
				3E4541DF1A13821D002E075C /* RennCallBack.m in Sources */,
				3E4541B11A137CF5002E075C /* LXActivity.m in Sources */,
				3E45415A1A1377AC002E075C /* main.m in Sources */,
				3E4541B61A137CF5002E075C /* NSString+SBJSON.m in Sources */,
				3E4541B21A137CF5002E075C /* MiddleActivity.m in Sources */,
			);
			runOnlyForDeploymentPostprocessing = 0;
		};
		3E12E2AA19FA56050067BEB2 /* Sources */ = {
			isa = PBXSourcesBuildPhase;
			buildActionMask = 2147483647;
			files = (
				3E4541601A1378D3002E075C /* youtuiShare-iosTests.m in Sources */,
			);
			runOnlyForDeploymentPostprocessing = 0;
		};
/* End PBXSourcesBuildPhase section */

/* Begin PBXTargetDependency section */
		3E12E2B019FA56050067BEB2 /* PBXTargetDependency */ = {
			isa = PBXTargetDependency;
			target = 3E12E29419FA56050067BEB2 /* youtuiShare-ios */;
			targetProxy = 3E12E2AF19FA56050067BEB2 /* PBXContainerItemProxy */;
		};
/* End PBXTargetDependency section */

/* Begin PBXVariantGroup section */
		3E4541411A1377AC002E075C /* LaunchScreen.xib */ = {
			isa = PBXVariantGroup;
			children = (
				3E4541421A1377AC002E075C /* Base */,
			);
			name = LaunchScreen.xib;
			sourceTree = "<group>";
		};
		3E4541431A1377AC002E075C /* Main.storyboard */ = {
			isa = PBXVariantGroup;
			children = (
				3E4541441A1377AC002E075C /* Base */,
			);
			name = Main.storyboard;
			sourceTree = "<group>";
		};
/* End PBXVariantGroup section */

/* Begin XCBuildConfiguration section */
		3E12E2B619FA56050067BEB2 /* Debug */ = {
			isa = XCBuildConfiguration;
			buildSettings = {
				ALWAYS_SEARCH_USER_PATHS = NO;
				CLANG_CXX_LANGUAGE_STANDARD = "gnu++0x";
				CLANG_CXX_LIBRARY = "libc++";
				CLANG_ENABLE_MODULES = YES;
				CLANG_ENABLE_OBJC_ARC = YES;
				CLANG_WARN_BOOL_CONVERSION = YES;
				CLANG_WARN_CONSTANT_CONVERSION = YES;
				CLANG_WARN_DIRECT_OBJC_ISA_USAGE = YES_ERROR;
				CLANG_WARN_EMPTY_BODY = YES;
				CLANG_WARN_ENUM_CONVERSION = YES;
				CLANG_WARN_INT_CONVERSION = YES;
				CLANG_WARN_OBJC_ROOT_CLASS = YES_ERROR;
				CLANG_WARN_UNREACHABLE_CODE = YES;
				CLANG_WARN__DUPLICATE_METHOD_MATCH = YES;
				"CODE_SIGN_IDENTITY[sdk=iphoneos*]" = "iPhone Developer";
				COPY_PHASE_STRIP = NO;
				ENABLE_STRICT_OBJC_MSGSEND = YES;
				GCC_C_LANGUAGE_STANDARD = gnu99;
				GCC_DYNAMIC_NO_PIC = NO;
				GCC_OPTIMIZATION_LEVEL = 0;
				GCC_PREPROCESSOR_DEFINITIONS = (
					"DEBUG=1",
					"$(inherited)",
				);
				GCC_SYMBOLS_PRIVATE_EXTERN = NO;
				GCC_WARN_64_TO_32_BIT_CONVERSION = YES;
				GCC_WARN_ABOUT_RETURN_TYPE = YES_ERROR;
				GCC_WARN_UNDECLARED_SELECTOR = YES;
				GCC_WARN_UNINITIALIZED_AUTOS = YES_AGGRESSIVE;
				GCC_WARN_UNUSED_FUNCTION = YES;
				GCC_WARN_UNUSED_VARIABLE = YES;
				IPHONEOS_DEPLOYMENT_TARGET = 7.0;
				MTL_ENABLE_DEBUG_INFO = YES;
				ONLY_ACTIVE_ARCH = YES;
				SDKROOT = iphoneos;
			};
			name = Debug;
		};
		3E12E2B719FA56050067BEB2 /* Release */ = {
			isa = XCBuildConfiguration;
			buildSettings = {
				ALWAYS_SEARCH_USER_PATHS = NO;
				CLANG_CXX_LANGUAGE_STANDARD = "gnu++0x";
				CLANG_CXX_LIBRARY = "libc++";
				CLANG_ENABLE_MODULES = YES;
				CLANG_ENABLE_OBJC_ARC = YES;
				CLANG_WARN_BOOL_CONVERSION = YES;
				CLANG_WARN_CONSTANT_CONVERSION = YES;
				CLANG_WARN_DIRECT_OBJC_ISA_USAGE = YES_ERROR;
				CLANG_WARN_EMPTY_BODY = YES;
				CLANG_WARN_ENUM_CONVERSION = YES;
				CLANG_WARN_INT_CONVERSION = YES;
				CLANG_WARN_OBJC_ROOT_CLASS = YES_ERROR;
				CLANG_WARN_UNREACHABLE_CODE = YES;
				CLANG_WARN__DUPLICATE_METHOD_MATCH = YES;
				"CODE_SIGN_IDENTITY[sdk=iphoneos*]" = "iPhone Developer";
				COPY_PHASE_STRIP = YES;
				ENABLE_NS_ASSERTIONS = NO;
				ENABLE_STRICT_OBJC_MSGSEND = YES;
				GCC_C_LANGUAGE_STANDARD = gnu99;
				GCC_WARN_64_TO_32_BIT_CONVERSION = YES;
				GCC_WARN_ABOUT_RETURN_TYPE = YES_ERROR;
				GCC_WARN_UNDECLARED_SELECTOR = YES;
				GCC_WARN_UNINITIALIZED_AUTOS = YES_AGGRESSIVE;
				GCC_WARN_UNUSED_FUNCTION = YES;
				GCC_WARN_UNUSED_VARIABLE = YES;
				IPHONEOS_DEPLOYMENT_TARGET = 7.0;
				MTL_ENABLE_DEBUG_INFO = NO;
				SDKROOT = iphoneos;
				VALIDATE_PRODUCT = YES;
			};
			name = Release;
		};
		3E12E2B919FA56050067BEB2 /* Debug */ = {
			isa = XCBuildConfiguration;
			buildSettings = {
				ARCHS = "$(ARCHS_STANDARD)";
				ASSETCATALOG_COMPILER_APPICON_NAME = AppIcon;
				CODE_SIGN_IDENTITY = "iPhone Developer";
				FRAMEWORK_SEARCH_PATHS = (
					"$(PROJECT_DIR)/youtuiShareSDK-ios-v1.0/lib/QQ",
					"$(PROJECT_DIR)/youtuiShareSDK-ios-v1.0/lib/人人",
				);
				INFOPLIST_FILE = "youtuiShare-ios/Info.plist";
				IPHONEOS_DEPLOYMENT_TARGET = 7.0;
				LD_RUNPATH_SEARCH_PATHS = "$(inherited) @executable_path/Frameworks";
				LIBRARY_SEARCH_PATHS = (
					"$(PROJECT_DIR)/youtuiShareSDK-ios-v1.0/lib/人人",
					"$(PROJECT_DIR)/youtuiShareSDK-ios-v1.0/lib/微信",
					"$(PROJECT_DIR)/youtuiShareSDK-ios-v1.0/lib/新浪微博",
					"$(PROJECT_DIR)/youtuiShareSDK-ios-v1.0/lib/腾讯微博",
					"$(PROJECT_DIR)/youtuiShareSDK-ios-v1.0/YouTuiSDK_v1.0.0",
				);
				ONLY_ACTIVE_ARCH = NO;
				PRODUCT_NAME = "youtuiShare-ios";
				VALID_ARCHS = "armv7 armv7s";
			};
			name = Debug;
		};
		3E12E2BA19FA56050067BEB2 /* Release */ = {
			isa = XCBuildConfiguration;
			buildSettings = {
				ARCHS = "$(ARCHS_STANDARD)";
				ASSETCATALOG_COMPILER_APPICON_NAME = AppIcon;
				CODE_SIGN_IDENTITY = "iPhone Distribution: steven li (LG5TU5PLEZ)";
				FRAMEWORK_SEARCH_PATHS = (
					"$(PROJECT_DIR)/youtuiShareSDK-ios-v1.0/lib/QQ",
					"$(PROJECT_DIR)/youtuiShareSDK-ios-v1.0/lib/人人",
				);
				INFOPLIST_FILE = "youtuiShare-ios/Info.plist";
				IPHONEOS_DEPLOYMENT_TARGET = 7.0;
				LD_RUNPATH_SEARCH_PATHS = "$(inherited) @executable_path/Frameworks";
				LIBRARY_SEARCH_PATHS = (
					"$(PROJECT_DIR)/youtuiShareSDK-ios-v1.0/lib/人人",
					"$(PROJECT_DIR)/youtuiShareSDK-ios-v1.0/lib/微信",
					"$(PROJECT_DIR)/youtuiShareSDK-ios-v1.0/lib/新浪微博",
					"$(PROJECT_DIR)/youtuiShareSDK-ios-v1.0/lib/腾讯微博",
					"$(PROJECT_DIR)/youtuiShareSDK-ios-v1.0/YouTuiSDK_v1.0.0",
				);
				ONLY_ACTIVE_ARCH = YES;
				PRODUCT_NAME = "youtuiShare-ios";
				VALID_ARCHS = "armv7 armv7s";
			};
			name = Release;
		};
		3E12E2BC19FA56050067BEB2 /* Debug */ = {
			isa = XCBuildConfiguration;
			buildSettings = {
				BUNDLE_LOADER = "$(TEST_HOST)";
				FRAMEWORK_SEARCH_PATHS = (
					"$(PROJECT_DIR)/youtuiShareSDK-ios-v1.0/lib/人人",
					"$(PROJECT_DIR)/youtuiShareSDK-ios-v1.0/lib/QQ",
				);
				GCC_PREPROCESSOR_DEFINITIONS = (
					"DEBUG=1",
					"$(inherited)",
				);
				INFOPLIST_FILE = "youtuiShare-iosTests/Info.plist";
				LD_RUNPATH_SEARCH_PATHS = "$(inherited) @executable_path/Frameworks @loader_path/Frameworks";
				LIBRARY_SEARCH_PATHS = (
					"$(PROJECT_DIR)/youtuiShareSDK-ios-v1.0/youtuiShareSDK-ios-v1.0",
					"$(PROJECT_DIR)/youtuiShareSDK-ios-v1.0/lib/腾讯微博",
					"$(PROJECT_DIR)/youtuiShareSDK-ios-v1.0/lib/新浪微博",
					"$(PROJECT_DIR)/youtuiShareSDK-ios-v1.0/lib/微信",
					"$(PROJECT_DIR)/youtuiShareSDK-ios-v1.0/lib/人人",
				);
				PRODUCT_NAME = "youtuiShare-iosTests";
				TEST_HOST = "$(BUILT_PRODUCTS_DIR)/YoutuiSDKDemo.app/YoutuiSDKDemo";
			};
			name = Debug;
		};
		3E12E2BD19FA56050067BEB2 /* Release */ = {
			isa = XCBuildConfiguration;
			buildSettings = {
				BUNDLE_LOADER = "$(TEST_HOST)";
				FRAMEWORK_SEARCH_PATHS = (
					"$(PROJECT_DIR)/youtuiShareSDK-ios-v1.0/lib/人人",
					"$(PROJECT_DIR)/youtuiShareSDK-ios-v1.0/lib/QQ",
				);
				INFOPLIST_FILE = "youtuiShare-iosTests/Info.plist";
				LD_RUNPATH_SEARCH_PATHS = "$(inherited) @executable_path/Frameworks @loader_path/Frameworks";
				LIBRARY_SEARCH_PATHS = (
					"$(PROJECT_DIR)/youtuiShareSDK-ios-v1.0/youtuiShareSDK-ios-v1.0",
					"$(PROJECT_DIR)/youtuiShareSDK-ios-v1.0/lib/腾讯微博",
					"$(PROJECT_DIR)/youtuiShareSDK-ios-v1.0/lib/新浪微博",
					"$(PROJECT_DIR)/youtuiShareSDK-ios-v1.0/lib/微信",
					"$(PROJECT_DIR)/youtuiShareSDK-ios-v1.0/lib/人人",
				);
				PRODUCT_NAME = "youtuiShare-iosTests";
				TEST_HOST = "$(BUILT_PRODUCTS_DIR)/YoutuiSDKDemo.app/YoutuiSDKDemo";
			};
			name = Release;
		};
/* End XCBuildConfiguration section */

/* Begin XCConfigurationList section */
		3E12E29019FA56050067BEB2 /* Build configuration list for PBXProject "youtuiShare-ios" */ = {
			isa = XCConfigurationList;
			buildConfigurations = (
				3E12E2B619FA56050067BEB2 /* Debug */,
				3E12E2B719FA56050067BEB2 /* Release */,
			);
			defaultConfigurationIsVisible = 0;
			defaultConfigurationName = Release;
		};
		3E12E2B819FA56050067BEB2 /* Build configuration list for PBXNativeTarget "youtuiShare-ios" */ = {
			isa = XCConfigurationList;
			buildConfigurations = (
				3E12E2B919FA56050067BEB2 /* Debug */,
				3E12E2BA19FA56050067BEB2 /* Release */,
			);
			defaultConfigurationIsVisible = 0;
			defaultConfigurationName = Release;
		};
		3E12E2BB19FA56050067BEB2 /* Build configuration list for PBXNativeTarget "youtuiShare-iosTests" */ = {
			isa = XCConfigurationList;
			buildConfigurations = (
				3E12E2BC19FA56050067BEB2 /* Debug */,
				3E12E2BD19FA56050067BEB2 /* Release */,
			);
			defaultConfigurationIsVisible = 0;
			defaultConfigurationName = Release;
		};
/* End XCConfigurationList section */
	};
	rootObject = 3E12E28D19FA56050067BEB2 /* Project object */;
}
